{
  "name": "zenn-docs",
  "lockfileVersion": 2,
  "requires": true,
  "packages": {
    "": {
      "name": "zenn-docs",
      "license": "MIT",
      "dependencies": {
        "zenn-cli": "latest"
      }
    },
    "node_modules/zenn-cli": {
      "version": "0.1.134",
      "resolved": "https://registry.npmjs.org/zenn-cli/-/zenn-cli-0.1.134.tgz",
      "integrity": "sha512-DOo5MZbGQagO0S2l5jvWtTgf6+OvHjrK3v1YE4SzeNldtHJ1FV+hafxu41+yIxtG/T0iqB6N/+kl2nY7rqJUYQ==",
      "bin": {
        "zenn": "dist/server/zenn.js"
      },
      "engines": {
        "node": ">=14.0.0"
      }
    }
  },
  "dependencies": {
    "zenn-cli": {
      "version": "0.1.134",
      "resolved": "https://registry.npmjs.org/zenn-cli/-/zenn-cli-0.1.134.tgz",
      "integrity": "sha512-DOo5MZbGQagO0S2l5jvWtTgf6+OvHjrK3v1YE4SzeNldtHJ1FV+hafxu41+yIxtG/T0iqB6N/+kl2nY7rqJUYQ=="
    }
  }
}
