lockfileVersion: '9.0'

settings:
  autoInstallPeers: true
  excludeLinksFromLockfile: false

importers:

  .:
    dependencies:
      zenn-cli:
        specifier: latest
        version: 0.5.2
    devDependencies:
      '@secretlint/secretlint-rule-preset-recommend':
        specifier: ^13.0.2
        version: 13.0.2
      lint-staged:
        specifier: ^17.0.8
        version: 17.0.8
      secretlint:
        specifier: ^13.0.2
        version: 13.0.2
      simple-git-hooks:
        specifier: ^2.13.1
        version: 2.13.1

packages:

  '@azu/format-text@1.0.2':
    resolution: {integrity: sha512-Swi4N7Edy1Eqq82GxgEECXSSLyn6GOb5htRFPzBDdUkECGXtlf12ynO5oJSpWKPwCaUssOu7NfhDcCWpIC6Ywg==}

  '@azu/style-format@1.0.1':
    resolution: {integrity: sha512-AHcTojlNBdD/3/KxIKlg8sxIWHfOtQszLvOpagLTO+bjC3u7SAszu1lf//u7JJC50aUSH+BVWDD/KvaA6Gfn5g==}

  '@babel/code-frame@7.29.7':
    resolution: {integrity: sha512-Aup7aUOfpbAUg2ROOJN6Iw5f9DMBlzu0mIkm/malLQFN/YQgO48wCj0Kxa3sEHJvPVFg7siR+qRInwXd2qhQKw==}
    engines: {node: '>=6.9.0'}

  '@babel/helper-validator-identifier@7.29.7':
    resolution: {integrity: sha512-qehxGkRj55h/ff8EMaJ+cYhyaKlHIxqYDn682wQD7RNp9UujOQsHog2uS0r2vzr4pW+sXf90NeeayjcNaX3fFg==}
    engines: {node: '>=6.9.0'}

  '@secretlint/config-creator@13.0.2':
    resolution: {integrity: sha512-wEHE/x7jeaWnDqVhzUg3qLsnl3NOQTA2fVnxwc0Z7dn3SOSh5sEKFr6xTp/LhZxyuHnKJltlcF085UDUFOoqYQ==}
    engines: {node: '>=22.0.0'}

  '@secretlint/config-loader@13.0.2':
    resolution: {integrity: sha512-r0ZVJ3oGUwWqoFPwhR9RK/fnp358TImaa72UhrBdBiuzMvAcPtE6EbnAYhbj0Yr5QS6ns+GI11jV344MLqkhTg==}
    engines: {node: '>=22.0.0'}

  '@secretlint/core@13.0.2':
    resolution: {integrity: sha512-15vg+zCmjQuDFVoOPNt0TyEu0Z95eir2MO19++wG82yM/vbPtFu/m9qd6oh54ZOBXgMcchdGDTxMwJNDnCLxcA==}
    engines: {node: '>=22.0.0'}

  '@secretlint/formatter@13.0.2':
    resolution: {integrity: sha512-DoU+aEsqPQxiWTQBNkTvQDmGTWB+TQS4UC6XEliWYv4KHpMV81O52jOE7XKS7QUoDMD4dbjh5wUTAgNO1dpzEg==}
    engines: {node: '>=22.0.0'}

  '@secretlint/node@13.0.2':
    resolution: {integrity: sha512-xAK+0INjjMASH5guHLSozl++6kDyeOTy4FNC6dhPA7ieebCmHe/+QiAsr4KP9yDRZoh/uRmEno2NMDy5lgQpkA==}
    engines: {node: '>=22.0.0'}

  '@secretlint/profiler@13.0.2':
    resolution: {integrity: sha512-vGaLZCoi9KewOF+sM0iIEBviWaH9mls1HmQFBgEPq4fnvmVO4PfKIkVr4CcAFm3Msg4NjzFE2RBAGwRR+5HEmQ==}

  '@secretlint/resolver@13.0.2':
    resolution: {integrity: sha512-Ko50V0P3YAtEO20xBTczOzguBVk6+taSqkoAPHoOSdsTsSq1gzeYggY1UC8vVEHPGyRp/mb2QOuwIShdJZ8JFg==}

  '@secretlint/secretlint-rule-preset-recommend@13.0.2':
    resolution: {integrity: sha512-D03Kw51qOgffj9zNlJFZUarVmP8zGcCZNi7A14+vZtHskbbBPEsS/f09idb48rrlMSaRMBN29IkqfbmPyL9xtw==}
    engines: {node: '>=22.0.0'}

  '@secretlint/source-creator@13.0.2':
    resolution: {integrity: sha512-tSooHad8QL+lqHP88zH9F8GMoR7bHUqPja5M/QnNHGnvOq/8OT1V8t1uigm6jlD03oJWNLwwF8QeHIedWKJ13g==}
    engines: {node: '>=22.0.0'}

  '@secretlint/types@13.0.2':
    resolution: {integrity: sha512-cAZjr6ZTKgSuJMLyTGDrUEtK3XEZa+JStIkD+DmdkT32VGAN+dQJiYr1So3XJopsKSrqhP5kjZKT8WWtftZIpQ==}
    engines: {node: '>=22.0.0'}

  '@secretlint/walker@13.0.2':
    resolution: {integrity: sha512-9GtWeTb763Ilr/nbRzdFidfZTBtbNEsz/BKrilgqLpKR9EqSWe9eYWDQaLIYb4PddIhwOgHuahRrX2BYATNcLQ==}
    engines: {node: '>=22.0.0'}

  '@textlint/ast-node-types@15.7.1':
    resolution: {integrity: sha512-Wii5UgUKFEh9Uv6wbq1zr4/Kf+dtjiUuzPrrXzKp8H+ifkvKNzi23V4Nz+6wVyHQn5T28AFuc8VH8OtzvGYecA==}

  '@textlint/linter-formatter@15.7.1':
    resolution: {integrity: sha512-TdwZ/debWYFD05K3CcoHtwvnCrza29wZxD+BjDTk/V5N7iRqkK1dTTHSD4A8AIgROLiDkHJmIKQbasbmsg8AvA==}

  '@textlint/module-interop@15.7.1':
    resolution: {integrity: sha512-Jg+sQW2L/cRJypk59wtcMUVVpt8vmit5ZMT3gUnFwevP3A6Qp1HfOtUy9ObT4hBX3lOSGT/ekcCDxR1pL7uH1g==}

  '@textlint/resolver@15.7.1':
    resolution: {integrity: sha512-8XnO0pgF6mXnm41VvWmBbEIdGPhiCUt31uLZkOis1ECeg/1SoUcIT6Mx/F0e1rukq8l0UlOSeY9a31CsvRMK0g==}

  '@textlint/types@15.7.1':
    resolution: {integrity: sha512-Vye/GmFNBTgVzZFtIFJTmLB+s2A7oIADxNG6r9UhfPuY+Czv0z5G3xeyFZZudPlfxURsKUyPIU5XsjOFqVp33A==}

  '@types/normalize-package-data@2.4.4':
    resolution: {integrity: sha512-37i+OaWTh9qeK4LSHPsyRC7NahnGotNuZvjLSgcPzblpHB3rrCJxAOgI5gCdKm7coonsaX1Of0ILiTcnZjbfxA==}

  ajv@8.20.0:
    resolution: {integrity: sha512-Thbli+OlOj+iMPYFBVBfJ3OmCAnaSyNn4M1vz9T6Gka5Jt9ba/HIR56joy65tY6kx/FCF5VXNB819Y7/GUrBGA==}

  ansi-escapes@7.3.0:
    resolution: {integrity: sha512-BvU8nYgGQBxcmMuEeUEmNTvrMVjJNSH7RgW24vXexN4Ven6qCvy4TntnvlnwnMLTVlcRQQdbRY8NKnaIoeWDNg==}
    engines: {node: '>=18'}

  ansi-regex@5.0.1:
    resolution: {integrity: sha512-quJQXlTSUGL2LH9SUXo8VwsY4soanhgo6LNSm84E1LBcE8s3O0wpdiRzyR9z/ZZJMlMWv37qOOb9pdJlMUEKFQ==}
    engines: {node: '>=8'}

  ansi-regex@6.2.2:
    resolution: {integrity: sha512-Bq3SmSpyFHaWjPk8If9yc6svM8c56dB5BAtW4Qbw5jHTwwXXcTLoRMkpDJp6VL0XzlWaCHTXrkFURMYmD0sLqg==}
    engines: {node: '>=12'}

  ansi-styles@4.3.0:
    resolution: {integrity: sha512-zbB9rCJAT1rbjiVDb2hqKFHNYLxgtk8NURxZ3IZwD3F6NtxbXZQCnnSi1Lkx+IDohdPlFp222wVALIheZJQSEg==}
    engines: {node: '>=8'}

  ansi-styles@6.2.3:
    resolution: {integrity: sha512-4Dj6M28JB+oAH8kFkTLUo+a2jwOFkuqb3yucU0CANcRRUbxS0cP0nZYCGjcc3BNXwRIsUVmDGgzawme7zvJHvg==}
    engines: {node: '>=12'}

  argparse@2.0.1:
    resolution: {integrity: sha512-8+9WqebbFzpX9OR+Wa6O29asIogeRMzcGtAINdpMHHyAg10f05aSFVBbcEqGf/PXw1EjAZ+q2/bEBg3DvurK3Q==}

  astral-regex@2.0.0:
    resolution: {integrity: sha512-Z7tMw1ytTXt5jqMcOP+OQteU1VuNK9Y02uuJtKQ1Sv69jXQKKg5cibLwGJow8yzZP+eAc18EmLGPal0bp36rvQ==}
    engines: {node: '>=8'}

  binaryextensions@6.11.0:
    resolution: {integrity: sha512-sXnYK/Ij80TO3lcqZVV2YgfKN5QjUWIRk/XSm2J/4bd/lPko3lvk0O4ZppH6m+6hB2/GTu+ptNwVFe1xh+QLQw==}
    engines: {node: '>=4'}

  boundary@2.0.0:
    resolution: {integrity: sha512-rJKn5ooC9u8q13IMCrW0RSp31pxBCHE3y9V/tp3TdWSLf8Em3p6Di4NBpfzbJge9YjjFEsD0RtFEjtvHL5VyEA==}

  bundle-name@4.1.0:
    resolution: {integrity: sha512-tjwM5exMg6BGRI+kNmTntNsvdZS1X8BFYS6tnJ2hdH0kVxM6/eVZ2xy+FqStSWvYmtfFMDLIxurorHwDKfDz5Q==}
    engines: {node: '>=18'}

  chalk@4.1.2:
    resolution: {integrity: sha512-oKnbhFyRIXpUuez8iBMmyEa4nbj4IOQyuhc/wy9kY7/WVPcwIO9VA668Pu8RkO7+0G76SLROeyw9CpQ061i4mA==}
    engines: {node: '>=10'}

  chalk@5.6.2:
    resolution: {integrity: sha512-7NzBL0rN6fMUW+f7A6Io4h40qQlG+xGmtMxfbnH/K7TAtt8JQWVQK+6g0UXKMeVJoyV5EkkNsErQ8pVD3bLHbA==}
    engines: {node: ^12.17.0 || ^14.13 || >=16.0.0}

  cli-cursor@5.0.0:
    resolution: {integrity: sha512-aCj4O5wKyszjMmDT4tZj93kxyydN/K5zPWSCe6/0AV/AA1pqe5ZBIw0a2ZfPQV7lL5/yb5HsUreJ6UFAF1tEQw==}
    engines: {node: '>=18'}

  cli-truncate@5.2.0:
    resolution: {integrity: sha512-xRwvIOMGrfOAnM1JYtqQImuaNtDEv9v6oIYAs4LIHwTiKee8uwvIi363igssOC0O5U04i4AlENs79LQLu9tEMw==}
    engines: {node: '>=20'}

  color-convert@2.0.1:
    resolution: {integrity: sha512-RRECPsj7iu/xb5oKYcsFHSppFNnsj/52OVTRKb4zP5onXwVF3zVmmToNcOfGC+CRDpfK/U584fMg38ZHCaElKQ==}
    engines: {node: '>=7.0.0'}

  color-name@1.1.4:
    resolution: {integrity: sha512-dOy+3AuW3a2wNbZHIuMZpTcgjGuLU/uBL/ubcZF9OXbDo8ff4O8yVp5Bf0efS8uEoYo5q4Fx7dY9OgQGXgAsQA==}

  debug@4.4.3:
    resolution: {integrity: sha512-RGwwWnwQvkVfavKVt22FGLw+xYSdzARwm0ru6DhTVA3umU5hZc28V3kO4stgYryrTlLpuvgI9GiijltAjNbcqA==}
    engines: {node: '>=6.0'}
    peerDependencies:
      supports-color: '*'
    peerDependenciesMeta:
      supports-color:
        optional: true

  default-browser-id@5.0.1:
    resolution: {integrity: sha512-x1VCxdX4t+8wVfd1so/9w+vQ4vx7lKd2Qp5tDRutErwmR85OgmfX7RlLRMWafRMY7hbEiXIbudNrjOAPa/hL8Q==}
    engines: {node: '>=18'}

  default-browser@5.5.0:
    resolution: {integrity: sha512-H9LMLr5zwIbSxrmvikGuI/5KGhZ8E2zH3stkMgM5LpOWDutGM2JZaj460Udnf1a+946zc7YBgrqEWwbk7zHvGw==}
    engines: {node: '>=18'}

  define-lazy-prop@3.0.0:
    resolution: {integrity: sha512-N+MeXYoqr3pOgn8xfyRPREN7gHakLYjhsHhWGT3fWAiL4IkAt0iDw14QiiEm2bE30c5XX5q0FtAA3CK5f9/BUg==}
    engines: {node: '>=12'}

  editions@6.22.0:
    resolution: {integrity: sha512-UgGlf8IW75je7HZjNDpJdCv4cGJWIi6yumFdZ0R7A8/CIhQiWUjyGLCxdHpd8bmyD1gnkfUNK0oeOXqUS2cpfQ==}
    engines: {ecmascript: '>= es5', node: '>=4'}

  emoji-regex@10.6.0:
    resolution: {integrity: sha512-toUI84YS5YmxW219erniWD0CIVOo46xGKColeNQRgOzDorgBi1v4D71/OFzgD9GO2UGKIv1C3Sp8DAn0+j5w7A==}

  emoji-regex@8.0.0:
    resolution: {integrity: sha512-MSjYzcWNOA0ewAHpz0MxpYFvwg6yjy1NG3xteoqz644VCo/RPgnr1/GGt+ic3iJTzQ8Eu3TdM14SawnVUmGE6A==}

  environment@1.1.0:
    resolution: {integrity: sha512-xUtoPkMggbz0MPyPiIWr1Kp4aeWJjDZ6SMvURhimjdZgsRuDplF5/s9hcgGhyXMhs+6vpnuoiZ2kFiu3FMnS8Q==}
    engines: {node: '>=18'}

  eventemitter3@5.0.4:
    resolution: {integrity: sha512-mlsTRyGaPBjPedk6Bvw+aqbsXDtoAyAzm5MO7JgU+yVRyMQ5O8bD4Kcci7BS85f93veegeCPkL8R4GLClnjLFw==}

  fast-deep-equal@3.1.3:
    resolution: {integrity: sha512-f3qQ9oQy9j2AhBe/H9VC91wLmKBCCU/gDOnKNAYG5hswO7BLKj09Hc5HYNz9cGI++xlpDCIgDaitVs03ATR84Q==}

  fast-uri@3.1.3:
    resolution: {integrity: sha512-i70LwGWUduXqzicKXWshooq+sWL1K3WUU5rKZNG/0i3a1OSoX3HqhH5WbWwTmqWfor4urUakGPiRQcleRZTwOg==}

  get-east-asian-width@1.6.0:
    resolution: {integrity: sha512-QRbvDIbx6YklUe6RxeTeleMR0yv3cYH6PsPZHcnVn7xv7zO1BHN8r0XETu8n6Ye3Q+ahtSarc3WgtNWmehIBfA==}
    engines: {node: '>=18'}

  has-flag@4.0.0:
    resolution: {integrity: sha512-EykJT/Q1KjTWctppgIAgfSO0tKVuZUjhgMr17kqTumMl6Afv3EISleU7qZUzoXDFTAHTDC4NOoG/ZxU3EvlMPQ==}
    engines: {node: '>=8'}

  has-flag@5.0.1:
    resolution: {integrity: sha512-CsNUt5x9LUdx6hnk/E2SZLsDyvfqANZSUq4+D3D8RzDJ2M+HDTIkF60ibS1vHaK55vzgiZw1bEPFG9yH7l33wA==}
    engines: {node: '>=12'}

  hosted-git-info@9.0.3:
    resolution: {integrity: sha512-Hc+ghLoSt6QaYZUv0WBiIvmMDZuZZ7oaDvdH8MbfOO4lOsxdXLEvuC6ePoGs9H1X9oCLyq6+NVN0MKqD+ydxyg==}
    engines: {node: ^20.17.0 || >=22.9.0}

  ignore@7.0.5:
    resolution: {integrity: sha512-Hs59xBNfUIunMFgWAbGX5cq6893IbWg4KnrjbYwX3tx0ztorVgTDA6B2sxf8ejHJ4wz8BqGUMYlnzNBer5NvGg==}
    engines: {node: '>= 4'}

  index-to-position@1.2.0:
    resolution: {integrity: sha512-Yg7+ztRkqslMAS2iFaU+Oa4KTSidr63OsFGlOrJoW981kIYO3CGCS3wA95P1mUi/IVSJkn0D479KTJpVpvFNuw==}
    engines: {node: '>=18'}

  is-docker@3.0.0:
    resolution: {integrity: sha512-eljcgEDlEns/7AXFosB5K/2nCM4P7FQPkGc/DWLy5rmFEWvZayGrik1d9/QIY5nJ4f9YsVvBkA6kJpHn9rISdQ==}
    engines: {node: ^12.20.0 || ^14.13.1 || >=16.0.0}
    hasBin: true

  is-fullwidth-code-point@3.0.0:
    resolution: {integrity: sha512-zymm5+u+sCsSWyD9qNaejV3DFvhCKclKdizYaJUuHA83RLjb7nSuGnddCHGv0hk+KY7BMAlsWeK4Ueg6EV6XQg==}
    engines: {node: '>=8'}

  is-fullwidth-code-point@5.1.0:
    resolution: {integrity: sha512-5XHYaSyiqADb4RnZ1Bdad6cPp8Toise4TzEjcOYDHZkTCbKgiUl7WTUCpNWHuxmDt91wnsZBc9xinNzopv3JMQ==}
    engines: {node: '>=18'}

  is-inside-container@1.0.0:
    resolution: {integrity: sha512-KIYLCCJghfHZxqjYBE7rEy0OBuTd5xCHS7tHVgvCLkx7StIoaxwNW3hCALgEUjFfeRk+MG/Qxmp/vtETEF3tRA==}
    engines: {node: '>=14.16'}
    hasBin: true

  is-wsl@3.1.1:
    resolution: {integrity: sha512-e6rvdUCiQCAuumZslxRJWR/Doq4VpPR82kqclvcS0efgt430SlGIk05vdCN58+VrzgtIcfNODjozVielycD4Sw==}
    engines: {node: '>=16'}

  istextorbinary@9.5.0:
    resolution: {integrity: sha512-5mbUj3SiZXCuRf9fT3ibzbSSEWiy63gFfksmGfdOzujPjW3k+z8WvIBxcJHBoQNlaZaiyB25deviif2+osLmLw==}
    engines: {node: '>=4'}

  js-tokens@4.0.0:
    resolution: {integrity: sha512-RdJUflcE3cUzKiMqQgsCu06FPu9UdIJO0beYbPhHN4k6apgJtifcoCtT9bcxOpYBtpD2kCM6Sbzg4CausW/PKQ==}

  js-yaml@4.3.0:
    resolution: {integrity: sha512-1td788aAnnZ5qs7V2QIRl1owjtYpbKt749Y3xauqQgwIIGF/xXWz1wMTEBx5O3LK3lXLVuqXPdPxj2BoFHaW9Q==}
    hasBin: true

  json-schema-traverse@1.0.0:
    resolution: {integrity: sha512-NM8/P9n3XjXhIZn1lLhkFaACTOURQXjWhV4BA/RnOv8xvgqtqpAX9IO4mRQxSx1Rlo4tqzeqb0sOlruaOy3dug==}

  json5@2.2.3:
    resolution: {integrity: sha512-XmOWe7eyHYH14cLdVPoyg+GOH3rYX++KpzrylJwSW98t3Nk+U8XOl8FWKOgwtzdb8lXGf6zYwDUzeHMWfxasyg==}
    engines: {node: '>=6'}
    hasBin: true

  lint-staged@17.0.8:
    resolution: {integrity: sha512-B2P/d+jVW0UXOQ0MVMLrB/9ydA1P+zz6jYfdrbbEd9ur3S2rcbduFWKiUCC02Sm5hbC8nrm7y24WuYMG54HfxA==}
    engines: {node: '>=22.22.1'}
    hasBin: true

  listr2@10.2.2:
    resolution: {integrity: sha512-JtNtbZj8q5BnDMR7trpwvwk3RIrANtIVzEUm8w7amp6xelLgyuq+4WZoTH913XaQAoH/cNdYhaNzBPA2U3xbDw==}
    engines: {node: '>=22.13.0'}

  lodash.truncate@4.4.2:
    resolution: {integrity: sha512-jttmRe7bRse52OsWIMDLaXxWqRAmtIUccAQ3garviCqJjafXOfNMO0yMfNpdD6zbGaTU0P5Nz7e7gAT6cKmJRw==}

  lodash@4.18.1:
    resolution: {integrity: sha512-dMInicTPVE8d1e5otfwmmjlxkZoUpiVLwyeTdUsi/Caj/gfzzblBcCE5sRHV/AsjuCmxWrte2TNGSYuCeCq+0Q==}

  log-update@6.1.0:
    resolution: {integrity: sha512-9ie8ItPR6tjY5uYJh8K/Zrv/RMZ5VOlOWvtZdEHYSTFKZfIBPQa9tOAEeAWhd+AnIneLJ22w5fjOYtoutpWq5w==}
    engines: {node: '>=18'}

  lru-cache@11.5.1:
    resolution: {integrity: sha512-RPimw/7aMdv2oqRrxKwvZXcPfwBrn/JZ2xYcY9Hus/6LaS3VOAKVWKWgNLCFSiOm1ESXinjsDlidVU7JlnCN2A==}
    engines: {node: 20 || >=22}

  mimic-function@5.0.1:
    resolution: {integrity: sha512-VP79XUPxV2CigYP3jWwAUFSku2aKqBH7uTAapFWCBqutsbmDo96KY5o8uh6U+/YSIn5OxJnXp73beVkpqMIGhA==}
    engines: {node: '>=18'}

  ms@2.1.3:
    resolution: {integrity: sha512-6FlzubTLZG3J2a/NVCAleEhjzq5oxgHyaCU9yYXvcLsvoVaHJq/s5xXI6/XXP6tz7R9xAOtHnSO/tXtF3WRTlA==}

  normalize-package-data@8.0.0:
    resolution: {integrity: sha512-RWk+PI433eESQ7ounYxIp67CYuVsS1uYSonX3kA6ps/3LWfjVQa/ptEg6Y3T6uAMq1mWpX9PQ+qx+QaHpsc7gQ==}
    engines: {node: ^20.17.0 || >=22.9.0}

  onetime@7.0.0:
    resolution: {integrity: sha512-VXJjc87FScF88uafS3JllDgvAm+c/Slfz06lorj2uAY34rlUu0Nt+v8wreiImcrgAjjIHp1rXpTDlLOGw29WwQ==}
    engines: {node: '>=18'}

  open@10.2.0:
    resolution: {integrity: sha512-YgBpdJHPyQ2UE5x+hlSXcnejzAvD0b22U2OuAP+8OnlJT+PjWPxtgmGqKKc+RgTM63U9gN0YzrYc71R2WT/hTA==}
    engines: {node: '>=18'}

  p-map@7.0.5:
    resolution: {integrity: sha512-e8vJF4XdVkzqqSHguEMz41mQO1wKwxKm5ENrUJQUu9kLDCtn83cxbyHZcszr4QC5zEA7WffRRC4gsTecC7J9oA==}
    engines: {node: '>=18'}

  package-manager-detector@1.7.0:
    resolution: {integrity: sha512-xg1eHpwYL/D/HEdWw2goFZP6vV0FH7W+PZ5rFkGjdIDLtxq7EkzBUeT3m+lndYCt8wKbmofUu1MUdMCXkCk9ZQ==}

  parse-json@8.3.0:
    resolution: {integrity: sha512-ybiGyvspI+fAoRQbIPRddCcSTV9/LsJbf0e/S85VLowVGzRmokfneg2kwVW/KU5rOXrPSbF1qAKPMgNTqqROQQ==}
    engines: {node: '>=18'}

  picocolors@1.1.1:
    resolution: {integrity: sha512-xceH2snhtb5M9liqDsmEw56le376mTZkEX/jEb/RxNFyegNul7eNslCXP9FDj/Lcu0X8KEyMceP2ntpaHrDEVA==}

  picomatch@4.0.5:
    resolution: {integrity: sha512-RvwwcruNjI1ncT5xRakeyS9Lf8lcItv34KD+aif+VH9kduAyfYBipGh12274xtenIPZ119/R9BdTBa8gAwSh0A==}
    engines: {node: '>=12'}

  pluralize@2.0.0:
    resolution: {integrity: sha512-TqNZzQCD4S42De9IfnnBvILN7HAW7riLqsCyp8lgjXeysyPlX5HhqKAcJHHHb9XskE4/a+7VGC9zzx8Ls0jOAw==}

  pluralize@8.0.0:
    resolution: {integrity: sha512-Nc3IT5yHzflTfbjgqWcCPpo7DaKy4FnpB0l/zCAW0Tc7jxAiuqSxHasntB3D7887LSrA93kDJ9IXovxJYxyLCA==}
    engines: {node: '>=4'}

  rc-config-loader@4.1.4:
    resolution: {integrity: sha512-3GiwEzklkbXTDp52UR5nT8iXgYAx1V9ZG/kDZT7p60u2GCv2XTwQq4NzinMoMpNtXhmt3WkhYXcj6HH8HdwCEQ==}

  read-pkg@10.1.0:
    resolution: {integrity: sha512-I8g2lArQiP78ll51UeMZojewtYgIRCKCWqZEgOO8c/uefTI+XDXvCSXu3+YNUaTNvZzobrL5+SqHjBrByRRTdg==}
    engines: {node: '>=20'}

  require-from-string@2.0.2:
    resolution: {integrity: sha512-Xf0nWe6RseziFMu+Ap9biiUbmplq6S9/p+7w7YXP/JBHhrUDDUhwa+vANyubuqfZWTveU//DYVGsDG7RKL/vEw==}
    engines: {node: '>=0.10.0'}

  restore-cursor@5.1.0:
    resolution: {integrity: sha512-oMA2dcrw6u0YfxJQXm342bFKX/E4sG9rbTzO9ptUcR/e8A33cHuvStiYOwH7fszkZlZ1z/ta9AAoPk2F4qIOHA==}
    engines: {node: '>=18'}

  rfdc@1.4.1:
    resolution: {integrity: sha512-q1b3N5QkRUWUl7iyylaaj3kOpIT0N2i9MqIEQXP73GVsN9cw3fdx8X63cEmWhJGi2PPCF23Ijp7ktmd39rawIA==}

  run-applescript@7.1.0:
    resolution: {integrity: sha512-DPe5pVFaAsinSaV6QjQ6gdiedWDcRCbUuiQfQa2wmWV7+xC9bGulGI8+TdRmoFkAPaBXk8CrAbnlY2ISniJ47Q==}
    engines: {node: '>=18'}

  secretlint@13.0.2:
    resolution: {integrity: sha512-veYNpVC+Yw9H/EWzdGyEsYHqCFXgKOinGEMbRffvnkHoWnE0CongrCnWXZJ1bkYmirlhemq/gkiOZ5zdHcHCQg==}
    engines: {node: '>=22.0.0'}
    hasBin: true

  semver@7.8.5:
    resolution: {integrity: sha512-Y7/KDsb8LjooZpwaqGyulO6DQlksgCncchHGk+sZIY4SBvUocMBEFH5Ur1fI4dV+Jvl0w6cjvucaIi40puRioA==}
    engines: {node: '>=10'}
    hasBin: true

  signal-exit@4.1.0:
    resolution: {integrity: sha512-bzyZ1e88w9O1iNJbKnOlvYTrWPDl46O1bG0D3XInv+9tkPrxrN8jUUTiFlDkkmKWgn1M6CfIA13SuGqOa9Korw==}
    engines: {node: '>=14'}

  simple-git-hooks@2.13.1:
    resolution: {integrity: sha512-WszCLXwT4h2k1ufIXAgsbiTOazqqevFCIncOuUBZJ91DdvWcC5+OFkluWRQPrcuSYd8fjq+o2y1QfWqYMoAToQ==}
    hasBin: true

  slice-ansi@4.0.0:
    resolution: {integrity: sha512-qMCMfhY040cVHT43K9BFygqYbUPFZKHOg7K73mtTWJRb8pyP3fzf4Ixd5SzdEJQ6MRUg/WBnOLxghZtKKurENQ==}
    engines: {node: '>=10'}

  slice-ansi@7.1.2:
    resolution: {integrity: sha512-iOBWFgUX7caIZiuutICxVgX1SdxwAVFFKwt1EvMYYec/NWO5meOJ6K5uQxhrYBdQJne4KxiqZc+KptFOWFSI9w==}
    engines: {node: '>=18'}

  slice-ansi@8.0.0:
    resolution: {integrity: sha512-stxByr12oeeOyY2BlviTNQlYV5xOj47GirPr4yA1hE9JCtxfQN0+tVbkxwCtYDQWhEKWFHsEK48ORg5jrouCAg==}
    engines: {node: '>=20'}

  spdx-correct@3.2.0:
    resolution: {integrity: sha512-kN9dJbvnySHULIluDHy32WHRUu3Og7B9sbY7tsFLctQkIqnMh3hErYgdMjTYuqmcXX+lK5T1lnUt3G7zNswmZA==}

  spdx-exceptions@2.5.0:
    resolution: {integrity: sha512-PiU42r+xO4UbUS1buo3LPJkjlO7430Xn5SVAhdpzzsPHsjbYVflnnFdATgabnLude+Cqu25p6N+g2lw/PFsa4w==}

  spdx-expression-parse@3.0.1:
    resolution: {integrity: sha512-cbqHunsQWnJNE6KhVSMsMeH5H/L9EpymbzqTQ3uLwNCLZ1Q481oWaofqH7nO6V07xlXwY6PhQdQ2IedWx/ZK4Q==}

  spdx-license-ids@3.0.23:
    resolution: {integrity: sha512-CWLcCCH7VLu13TgOH+r8p1O/Znwhqv/dbb6lqWy67G+pT1kHmeD/+V36AVb/vq8QMIQwVShJ6Ssl5FPh0fuSdw==}

  string-argv@0.3.2:
    resolution: {integrity: sha512-aqD2Q0144Z+/RqG52NeHEkZauTAUWJO8c6yTftGJKO3Tja5tUgIfmIl6kExvhtxSDP7fXB6DvzkfMpCd/F3G+Q==}
    engines: {node: '>=0.6.19'}

  string-width@4.2.3:
    resolution: {integrity: sha512-wKyQRQpjJ0sIp62ErSZdGsjMJWsap5oRNihHhu6G7JVO/9jIB6UyevL+tXuOqrng8j/cxKTWyWUwvSTriiZz/g==}
    engines: {node: '>=8'}

  string-width@7.2.0:
    resolution: {integrity: sha512-tsaTIkKW9b4N+AEj+SVA+WhJzV7/zMhcSu78mLKWSk7cXMOSHsBKFWUs0fWwq8QyK3MgJBQRX6Gbi4kYbdvGkQ==}
    engines: {node: '>=18'}

  string-width@8.2.1:
    resolution: {integrity: sha512-IIaP0g3iy9Cyy18w3M9YcaDudujEAVHKt3a3QJg1+sr/oX96TbaGUubG0hJyCjCBThFH+tFpcIyoUHUn1ogaLA==}
    engines: {node: '>=20'}

  strip-ansi@6.0.1:
    resolution: {integrity: sha512-Y38VPSHcqkFrCpFnQ9vuSXmquuv5oXOKpGeT6aGrr3o3Gc9AlVa6JBfUSOCnbxGGZF+/0ooI7KrPuUSztUdU5A==}
    engines: {node: '>=8'}

  strip-ansi@7.2.0:
    resolution: {integrity: sha512-yDPMNjp4WyfYBkHnjIRLfca1i6KMyGCtsVgoKe/z1+6vukgaENdgGBZt+ZmKPc4gavvEZ5OgHfHdrazhgNyG7w==}
    engines: {node: '>=12'}

  structured-source@4.0.0:
    resolution: {integrity: sha512-qGzRFNJDjFieQkl/sVOI2dUjHKRyL9dAJi2gCPGJLbJHBIkyOHxjuocpIEfbLioX+qSJpvbYdT49/YCdMznKxA==}

  supports-color@10.2.2:
    resolution: {integrity: sha512-SS+jx45GF1QjgEXQx4NJZV9ImqmO2NPz5FNsIHrsDjh2YsHnawpan7SNQ1o8NuhrbHZy9AZhIoCUiCeaW/C80g==}
    engines: {node: '>=18'}

  supports-color@7.2.0:
    resolution: {integrity: sha512-qpCAvRl9stuOHveKsn7HncJRvv501qIacKzQlO/+Lwxc9+0q2wLyv4Dfvt80/DPn2pqOBsJdDiogXGR9+OvwRw==}
    engines: {node: '>=8'}

  supports-hyperlinks@4.5.0:
    resolution: {integrity: sha512-ZW2OvfeCXrNTbLakPUzjQG922EeGCOteFSVoek5DKStTh898wf7zgtuFlzQN8HfZCxC3Eh02yJVrRW51hADf+w==}
    engines: {node: '>=20'}

  table@6.9.0:
    resolution: {integrity: sha512-9kY+CygyYM6j02t5YFHbNz2FN5QmYGv9zAjVp4lCDjlCw7amdckXlEt/bjMhUIfj4ThGRE4gCUH5+yGnNuPo5A==}
    engines: {node: '>=10.0.0'}

  tagged-tag@1.0.0:
    resolution: {integrity: sha512-yEFYrVhod+hdNyx7g5Bnkkb0G6si8HJurOoOEgC8B/O0uXLHlaey/65KRv6cuWBNhBgHKAROVpc7QyYqE5gFng==}
    engines: {node: '>=20'}

  terminal-link@5.0.0:
    resolution: {integrity: sha512-qFAy10MTMwjzjU8U16YS4YoZD+NQLHzLssFMNqgravjbvIPNiqkGFR4yjhJfmY9R5OFU7+yHxc6y+uGHkKwLRA==}
    engines: {node: '>=20'}

  text-table@0.2.0:
    resolution: {integrity: sha512-N+8UisAXDGk8PFXP4HAzVR9nbfmVJ3zYLAWiTIoqC5v5isinhr+r5uaO8+7r3BMfuNIufIsA7RdpVgacC2cSpw==}

  textextensions@6.11.0:
    resolution: {integrity: sha512-tXJwSr9355kFJI3lbCkPpUH5cP8/M0GGy2xLO34aZCjMXBaK3SoPnZwr/oWmo1FdCnELcs4npdCIOFtq9W3ruQ==}
    engines: {node: '>=4'}

  tinyexec@1.2.4:
    resolution: {integrity: sha512-SHf/r48b7vOrjve9PxJo3MN5v5yuyjHvdUcrQffT3WXMUfnGmHDVbC4k3sHJaJTgZCwpUplIaAo5ANtMyp3YHg==}
    engines: {node: '>=18'}

  type-fest@4.41.0:
    resolution: {integrity: sha512-TeTSQ6H5YHvpqVwBRcnLDCBnDOHWYu7IvGbHT6N8AOymcr9PJGjc1GTtiWZTYg0NCgYwvnYWEkVChQAr9bjfwA==}
    engines: {node: '>=16'}

  type-fest@5.8.0:
    resolution: {integrity: sha512-YGYEVz3Fm5iy/AybuA0oyNFq7H4CgQNfRp/qfe8nurE1kuCeNm3/vfm9X4Mtl+qLyaKJUh5xrFZwogr41SMjYA==}
    engines: {node: '>=20'}

  unicorn-magic@0.4.0:
    resolution: {integrity: sha512-wH590V9VNgYH9g3lH9wWjTrUoKsjLF6sGLjhR4sH1LWpLmCOH0Zf7PukhDA8BiS7KHe4oPNkcTHqYkj7SOGUOw==}
    engines: {node: '>=20'}

  validate-npm-package-license@3.0.4:
    resolution: {integrity: sha512-DpKm2Ui/xN7/HQKCtpZxoRWBhZ9Z0kqtygG8XCgNQ8ZlDnxuQmWhj566j8fN4Cu3/JmbhsDo7fcAJq4s9h27Ew==}

  version-range@4.15.0:
    resolution: {integrity: sha512-Ck0EJbAGxHwprkzFO966t4/5QkRuzh+/I1RxhLgUKKwEn+Cd8NwM60mE3AqBZg5gYODoXW0EFsQvbZjRlvdqbg==}
    engines: {node: '>=4'}

  wrap-ansi@10.0.0:
    resolution: {integrity: sha512-SGcvg80f0wUy2/fXES19feHMz8E0JoXv2uNgHOu4Dgi2OrCy1lqwFYEJz1BLbDI0exjPMe/ZdzZ/YpGECBG/aQ==}
    engines: {node: '>=20'}

  wrap-ansi@9.0.2:
    resolution: {integrity: sha512-42AtmgqjV+X1VpdOfyTGOYRi0/zsoLqtXQckTmqTeybT+BDIbM/Guxo7x3pE2vtpr1ok6xRqM9OpBe+Jyoqyww==}
    engines: {node: '>=18'}

  wsl-utils@0.1.0:
    resolution: {integrity: sha512-h3Fbisa2nKGPxCpm89Hk33lBLsnaGBvctQopaBSOW/uIs6FTe1ATyAnKFJrzVs9vpGdsTe73WF3V4lIsk4Gacw==}
    engines: {node: '>=18'}

  yaml@2.9.0:
    resolution: {integrity: sha512-2AvhNX3mb8zd6Zy7INTtSpl1F15HW6Wnqj0srWlkKLcpYl/gMIMJiyuGq2KeI2YFxUPjdlB+3Lc10seMLtL4cA==}
    engines: {node: '>= 14.6'}
    hasBin: true

  zenn-cli@0.5.2:
    resolution: {integrity: sha512-HwZDjkZ8b2BExSwJKE4ERqm3e6+W9J8yNGHbOdKAmUWz4+Z9akGTijFFdK2QsPHp3E1acaGmKvE1jE5MZkLO0A==}
    engines: {node: '>=22.0.0'}
    hasBin: true

snapshots:

  '@azu/format-text@1.0.2': {}

  '@azu/style-format@1.0.1':
    dependencies:
      '@azu/format-text': 1.0.2

  '@babel/code-frame@7.29.7':
    dependencies:
      '@babel/helper-validator-identifier': 7.29.7
      js-tokens: 4.0.0
      picocolors: 1.1.1

  '@babel/helper-validator-identifier@7.29.7': {}

  '@secretlint/config-creator@13.0.2':
    dependencies:
      '@secretlint/types': 13.0.2

  '@secretlint/config-loader@13.0.2':
    dependencies:
      '@secretlint/profiler': 13.0.2
      '@secretlint/resolver': 13.0.2
      '@secretlint/types': 13.0.2
      ajv: 8.20.0
      debug: 4.4.3
      rc-config-loader: 4.1.4
    transitivePeerDependencies:
      - supports-color

  '@secretlint/core@13.0.2':
    dependencies:
      '@secretlint/profiler': 13.0.2
      '@secretlint/types': 13.0.2
      debug: 4.4.3
      structured-source: 4.0.0
    transitivePeerDependencies:
      - supports-color

  '@secretlint/formatter@13.0.2':
    dependencies:
      '@secretlint/resolver': 13.0.2
      '@secretlint/types': 13.0.2
      '@textlint/linter-formatter': 15.7.1
      '@textlint/module-interop': 15.7.1
      '@textlint/types': 15.7.1
      chalk: 5.6.2
      debug: 4.4.3
      pluralize: 8.0.0
      strip-ansi: 7.2.0
      table: 6.9.0
      terminal-link: 5.0.0
    transitivePeerDependencies:
      - supports-color

  '@secretlint/node@13.0.2':
    dependencies:
      '@secretlint/config-loader': 13.0.2
      '@secretlint/core': 13.0.2
      '@secretlint/formatter': 13.0.2
      '@secretlint/profiler': 13.0.2
      '@secretlint/source-creator': 13.0.2
      '@secretlint/types': 13.0.2
      debug: 4.4.3
      p-map: 7.0.5
    transitivePeerDependencies:
      - supports-color

  '@secretlint/profiler@13.0.2': {}

  '@secretlint/resolver@13.0.2': {}

  '@secretlint/secretlint-rule-preset-recommend@13.0.2': {}

  '@secretlint/source-creator@13.0.2':
    dependencies:
      '@secretlint/types': 13.0.2
      istextorbinary: 9.5.0

  '@secretlint/types@13.0.2': {}

  '@secretlint/walker@13.0.2':
    dependencies:
      ignore: 7.0.5
      picomatch: 4.0.5

  '@textlint/ast-node-types@15.7.1': {}

  '@textlint/linter-formatter@15.7.1':
    dependencies:
      '@azu/format-text': 1.0.2
      '@azu/style-format': 1.0.1
      '@textlint/module-interop': 15.7.1
      '@textlint/resolver': 15.7.1
      '@textlint/types': 15.7.1
      chalk: 4.1.2
      debug: 4.4.3
      js-yaml: 4.3.0
      lodash: 4.18.1
      pluralize: 2.0.0
      string-width: 4.2.3
      strip-ansi: 6.0.1
      table: 6.9.0
      text-table: 0.2.0
    transitivePeerDependencies:
      - supports-color

  '@textlint/module-interop@15.7.1': {}

  '@textlint/resolver@15.7.1': {}

  '@textlint/types@15.7.1':
    dependencies:
      '@textlint/ast-node-types': 15.7.1

  '@types/normalize-package-data@2.4.4': {}

  ajv@8.20.0:
    dependencies:
      fast-deep-equal: 3.1.3
      fast-uri: 3.1.3
      json-schema-traverse: 1.0.0
      require-from-string: 2.0.2

  ansi-escapes@7.3.0:
    dependencies:
      environment: 1.1.0

  ansi-regex@5.0.1: {}

  ansi-regex@6.2.2: {}

  ansi-styles@4.3.0:
    dependencies:
      color-convert: 2.0.1

  ansi-styles@6.2.3: {}

  argparse@2.0.1: {}

  astral-regex@2.0.0: {}

  binaryextensions@6.11.0:
    dependencies:
      editions: 6.22.0

  boundary@2.0.0: {}

  bundle-name@4.1.0:
    dependencies:
      run-applescript: 7.1.0

  chalk@4.1.2:
    dependencies:
      ansi-styles: 4.3.0
      supports-color: 7.2.0

  chalk@5.6.2: {}

  cli-cursor@5.0.0:
    dependencies:
      restore-cursor: 5.1.0

  cli-truncate@5.2.0:
    dependencies:
      slice-ansi: 8.0.0
      string-width: 8.2.1

  color-convert@2.0.1:
    dependencies:
      color-name: 1.1.4

  color-name@1.1.4: {}

  debug@4.4.3:
    dependencies:
      ms: 2.1.3

  default-browser-id@5.0.1: {}

  default-browser@5.5.0:
    dependencies:
      bundle-name: 4.1.0
      default-browser-id: 5.0.1

  define-lazy-prop@3.0.0: {}

  editions@6.22.0:
    dependencies:
      version-range: 4.15.0

  emoji-regex@10.6.0: {}

  emoji-regex@8.0.0: {}

  environment@1.1.0: {}

  eventemitter3@5.0.4: {}

  fast-deep-equal@3.1.3: {}

  fast-uri@3.1.3: {}

  get-east-asian-width@1.6.0: {}

  has-flag@4.0.0: {}

  has-flag@5.0.1: {}

  hosted-git-info@9.0.3:
    dependencies:
      lru-cache: 11.5.1

  ignore@7.0.5: {}

  index-to-position@1.2.0: {}

  is-docker@3.0.0: {}

  is-fullwidth-code-point@3.0.0: {}

  is-fullwidth-code-point@5.1.0:
    dependencies:
      get-east-asian-width: 1.6.0

  is-inside-container@1.0.0:
    dependencies:
      is-docker: 3.0.0

  is-wsl@3.1.1:
    dependencies:
      is-inside-container: 1.0.0

  istextorbinary@9.5.0:
    dependencies:
      binaryextensions: 6.11.0
      editions: 6.22.0
      textextensions: 6.11.0

  js-tokens@4.0.0: {}

  js-yaml@4.3.0:
    dependencies:
      argparse: 2.0.1

  json-schema-traverse@1.0.0: {}

  json5@2.2.3: {}

  lint-staged@17.0.8:
    dependencies:
      listr2: 10.2.2
      picomatch: 4.0.5
      string-argv: 0.3.2
      tinyexec: 1.2.4
    optionalDependencies:
      yaml: 2.9.0

  listr2@10.2.2:
    dependencies:
      cli-truncate: 5.2.0
      eventemitter3: 5.0.4
      log-update: 6.1.0
      rfdc: 1.4.1
      wrap-ansi: 10.0.0

  lodash.truncate@4.4.2: {}

  lodash@4.18.1: {}

  log-update@6.1.0:
    dependencies:
      ansi-escapes: 7.3.0
      cli-cursor: 5.0.0
      slice-ansi: 7.1.2
      strip-ansi: 7.2.0
      wrap-ansi: 9.0.2

  lru-cache@11.5.1: {}

  mimic-function@5.0.1: {}

  ms@2.1.3: {}

  normalize-package-data@8.0.0:
    dependencies:
      hosted-git-info: 9.0.3
      semver: 7.8.5
      validate-npm-package-license: 3.0.4

  onetime@7.0.0:
    dependencies:
      mimic-function: 5.0.1

  open@10.2.0:
    dependencies:
      default-browser: 5.5.0
      define-lazy-prop: 3.0.0
      is-inside-container: 1.0.0
      wsl-utils: 0.1.0

  p-map@7.0.5: {}

  package-manager-detector@1.7.0: {}

  parse-json@8.3.0:
    dependencies:
      '@babel/code-frame': 7.29.7
      index-to-position: 1.2.0
      type-fest: 4.41.0

  picocolors@1.1.1: {}

  picomatch@4.0.5: {}

  pluralize@2.0.0: {}

  pluralize@8.0.0: {}

  rc-config-loader@4.1.4:
    dependencies:
      debug: 4.4.3
      js-yaml: 4.3.0
      json5: 2.2.3
      require-from-string: 2.0.2
    transitivePeerDependencies:
      - supports-color

  read-pkg@10.1.0:
    dependencies:
      '@types/normalize-package-data': 2.4.4
      normalize-package-data: 8.0.0
      parse-json: 8.3.0
      type-fest: 5.8.0
      unicorn-magic: 0.4.0

  require-from-string@2.0.2: {}

  restore-cursor@5.1.0:
    dependencies:
      onetime: 7.0.0
      signal-exit: 4.1.0

  rfdc@1.4.1: {}

  run-applescript@7.1.0: {}

  secretlint@13.0.2:
    dependencies:
      '@secretlint/config-creator': 13.0.2
      '@secretlint/formatter': 13.0.2
      '@secretlint/node': 13.0.2
      '@secretlint/profiler': 13.0.2
      '@secretlint/resolver': 13.0.2
      '@secretlint/walker': 13.0.2
      debug: 4.4.3
      read-pkg: 10.1.0
    transitivePeerDependencies:
      - supports-color

  semver@7.8.5: {}

  signal-exit@4.1.0: {}

  simple-git-hooks@2.13.1: {}

  slice-ansi@4.0.0:
    dependencies:
      ansi-styles: 4.3.0
      astral-regex: 2.0.0
      is-fullwidth-code-point: 3.0.0

  slice-ansi@7.1.2:
    dependencies:
      ansi-styles: 6.2.3
      is-fullwidth-code-point: 5.1.0

  slice-ansi@8.0.0:
    dependencies:
      ansi-styles: 6.2.3
      is-fullwidth-code-point: 5.1.0

  spdx-correct@3.2.0:
    dependencies:
      spdx-expression-parse: 3.0.1
      spdx-license-ids: 3.0.23

  spdx-exceptions@2.5.0: {}

  spdx-expression-parse@3.0.1:
    dependencies:
      spdx-exceptions: 2.5.0
      spdx-license-ids: 3.0.23

  spdx-license-ids@3.0.23: {}

  string-argv@0.3.2: {}

  string-width@4.2.3:
    dependencies:
      emoji-regex: 8.0.0
      is-fullwidth-code-point: 3.0.0
      strip-ansi: 6.0.1

  string-width@7.2.0:
    dependencies:
      emoji-regex: 10.6.0
      get-east-asian-width: 1.6.0
      strip-ansi: 7.2.0

  string-width@8.2.1:
    dependencies:
      get-east-asian-width: 1.6.0
      strip-ansi: 7.2.0

  strip-ansi@6.0.1:
    dependencies:
      ansi-regex: 5.0.1

  strip-ansi@7.2.0:
    dependencies:
      ansi-regex: 6.2.2

  structured-source@4.0.0:
    dependencies:
      boundary: 2.0.0

  supports-color@10.2.2: {}

  supports-color@7.2.0:
    dependencies:
      has-flag: 4.0.0

  supports-hyperlinks@4.5.0:
    dependencies:
      has-flag: 5.0.1
      supports-color: 10.2.2

  table@6.9.0:
    dependencies:
      ajv: 8.20.0
      lodash.truncate: 4.4.2
      slice-ansi: 4.0.0
      string-width: 4.2.3
      strip-ansi: 6.0.1

  tagged-tag@1.0.0: {}

  terminal-link@5.0.0:
    dependencies:
      ansi-escapes: 7.3.0
      supports-hyperlinks: 4.5.0

  text-table@0.2.0: {}

  textextensions@6.11.0:
    dependencies:
      editions: 6.22.0

  tinyexec@1.2.4: {}

  type-fest@4.41.0: {}

  type-fest@5.8.0:
    dependencies:
      tagged-tag: 1.0.0

  unicorn-magic@0.4.0: {}

  validate-npm-package-license@3.0.4:
    dependencies:
      spdx-correct: 3.2.0
      spdx-expression-parse: 3.0.1

  version-range@4.15.0: {}

  wrap-ansi@10.0.0:
    dependencies:
      ansi-styles: 6.2.3
      string-width: 8.2.1
      strip-ansi: 7.2.0

  wrap-ansi@9.0.2:
    dependencies:
      ansi-styles: 6.2.3
      string-width: 7.2.0
      strip-ansi: 7.2.0

  wsl-utils@0.1.0:
    dependencies:
      is-wsl: 3.1.1

  yaml@2.9.0:
    optional: true

  zenn-cli@0.5.2:
    dependencies:
      open: 10.2.0
      package-manager-detector: 1.7.0
