lockfileVersion: '9.0'

settings:
  autoInstallPeers: true
  excludeLinksFromLockfile: false

importers:

  .:
    dependencies:
      zenn-cli:
        specifier: latest
        version: 0.5.4
    devDependencies:
      '@secretlint/secretlint-rule-preset-recommend':
        specifier: ^13.0.6
        version: 13.0.6
      lint-staged:
        specifier: ^17.6.0
        version: 17.6.0
      secretlint:
        specifier: ^13.0.6
        version: 13.0.6
      simple-git-hooks:
        specifier: ^2.14.0
        version: 2.14.0

packages:

  '@ai-sdk/fireworks@3.0.60':
    resolution: {integrity: sha512-wsQDeYJM6YLhkneWsM2Q4d8SG6VOzM3QEyROUJxYx0A+7un5rLARnnkk1BJZrS8u29arOgUqA2foQy1nKj78fQ==}
    engines: {node: '>=22'}
    peerDependencies:
      zod: ^3.25.76 || ^4.1.8

  '@ai-sdk/gateway@4.0.94':
    resolution: {integrity: sha512-hcp7GLnMynH6NfMnemgvW9acn7j3WsUe/dHFzX3/fhPit08xhm1aYmDGHMiIT6YwsXVBxkit9TriKb2SGAOg+Q==}
    engines: {node: '>=22'}
    peerDependencies:
      zod: ^3.25.76 || ^4.1.8

  '@ai-sdk/openai-compatible@3.0.57':
    resolution: {integrity: sha512-TEY5Ng/bTJXrYy9wpdxK70gABdYejYedaKbmPCZLhBkPe21rmLzkGxAGkfPYgAfCKPaoAO9THrEhmwUZ4Xhg2Q==}
    engines: {node: '>=22'}
    peerDependencies:
      zod: ^3.25.76 || ^4.1.8

  '@ai-sdk/openai@4.0.78':
    resolution: {integrity: sha512-S9WLSZUqebRjZbwYM8uorb4fsjo4Lhz/PGA3rWl01x88WeF/1PdHtNckcxqNZy5xMRzCHPVv9iA3F+ckV74zfA==}
    engines: {node: '>=22'}
    peerDependencies:
      zod: ^3.25.76 || ^4.1.8

  '@ai-sdk/provider-utils@5.0.49':
    resolution: {integrity: sha512-T+/H8DCvqJoCqLhltVatS7ffA779Iyk/ZZrgNXkrgv51E0n2Cd6eIdCmtwhCGIKqtbTtwCvTmQdAMv5Z8rOGHQ==}
    engines: {node: '>=22'}
    peerDependencies:
      zod: ^3.25.76 || ^4.1.8

  '@ai-sdk/provider@4.0.18':
    resolution: {integrity: sha512-+GZJIgz1jk86pwEbb3f1BD2bdoSKyWE4Jg4YUc7NMnMozbWemSKYZcw2F4nMaO5qwsL5A8RmioAKW81YktRpIQ==}
    engines: {node: '>=22'}

  '@azu/format-text@1.0.2':
    resolution: {integrity: sha512-Swi4N7Edy1Eqq82GxgEECXSSLyn6GOb5htRFPzBDdUkECGXtlf12ynO5oJSpWKPwCaUssOu7NfhDcCWpIC6Ywg==}

  '@azu/style-format@1.0.1':
    resolution: {integrity: sha512-AHcTojlNBdD/3/KxIKlg8sxIWHfOtQszLvOpagLTO+bjC3u7SAszu1lf//u7JJC50aUSH+BVWDD/KvaA6Gfn5g==}

  '@babel/code-frame@7.29.7':
    resolution: {integrity: sha512-Aup7aUOfpbAUg2ROOJN6Iw5f9DMBlzu0mIkm/malLQFN/YQgO48wCj0Kxa3sEHJvPVFg7siR+qRInwXd2qhQKw==}
    engines: {node: '>=6.9.0'}

  '@babel/helper-validator-identifier@7.29.7':
    resolution: {integrity: sha512-qehxGkRj55h/ff8EMaJ+cYhyaKlHIxqYDn682wQD7RNp9UujOQsHog2uS0r2vzr4pW+sXf90NeeayjcNaX3fFg==}
    engines: {node: '>=6.9.0'}

  '@secretlint/config-creator@13.0.6':
    resolution: {integrity: sha512-vXINUCWnUS0IAVwj84mcY0seiOZSuVHMS1zLu0uipBPDZNCJKd5VLrCV+RfAKMNkLqmFVE4pTeNCevJl5eSZLw==}
    engines: {node: '>=22.0.0'}

  '@secretlint/config-loader@11.7.1':
    resolution: {integrity: sha512-XExWOV82/nbuo9N+m6G9by4n2mnts3Z1k2i499pIJ0+VaASbA06u1fQFErMGYrobeUpSTC5i077Ee7G2lJhFiw==}
    engines: {node: '>=20.0.0'}

  '@secretlint/config-loader@13.0.6':
    resolution: {integrity: sha512-+7QvpAUzE4MCHUmL3O+pOZy/j5oqUMAATmRTp0RPAxKuUpxPe/WmzQv9UW679EzhOnC4sxkp6j4L9wFCTe03pQ==}
    engines: {node: '>=22.0.0'}

  '@secretlint/core@11.7.1':
    resolution: {integrity: sha512-D1a/6U3JT2hhs+OpocAf1j+2t79ExrFqNm8j7pilhCQqpJ9QIEexGs1ty3v9wDACm48v0PFhCNCyn4hyctGYig==}
    engines: {node: '>=20.0.0'}

  '@secretlint/core@13.0.6':
    resolution: {integrity: sha512-sZ4fKF3/eHO706p8wovzQlaRMfS4k272jAF9LCj/B4HqxhuFiZi/Nx4amWQAYFOcEfrmVpGQmlgHDHDNx+22fw==}
    engines: {node: '>=22.0.0'}

  '@secretlint/formatter@11.7.1':
    resolution: {integrity: sha512-x/9yd8DzUOgJlURhXH9Z0aIOmCn1XNvHxQPhlufPKFg9MWeDTysGGqUwEn1TBIlOvkeB38y2nJkrCkK/u2y7dg==}
    engines: {node: '>=20.0.0'}

  '@secretlint/formatter@13.0.6':
    resolution: {integrity: sha512-m5jnjSvB99uEB3K5wH8Sj2cG+bMmLYY5/RxRSVsn0Eik+Bf28ScdkRUx4yXhfyFXUf65aH9Jt42BB/9VHLgUtA==}
    engines: {node: '>=22.0.0'}

  '@secretlint/node@11.7.1':
    resolution: {integrity: sha512-spzkxcE+MjgO6cGir2AoLHyuCmOBufJLq/rHwUDmi/AOCPITGbCRvow+cBC5O9uWQcGOxDq/DgIsbgIlnooTVA==}
    engines: {node: '>=20.0.0'}

  '@secretlint/node@13.0.6':
    resolution: {integrity: sha512-cYgh4qYDkerJzm/X0YRyqTywsZSsPKbOS7ddVl9+jELq7frCwZ8wpFh5sEPXZ7iH89DjYIfXbtz2HPYvFq9NNQ==}
    engines: {node: '>=22.0.0'}

  '@secretlint/profiler@11.7.1':
    resolution: {integrity: sha512-Fa1fCVT4izv8PRXL8t4KB6FwBEL2OYqOYtNsyssWd7giNoNcohCoLGnDhJNLcTxTyTqkDzLlGV0M4CYsCkcfZQ==}

  '@secretlint/profiler@13.0.6':
    resolution: {integrity: sha512-I8ci8bwwtJfzUsLTgrf2j8aOBeb9myKgzkVeKQEae76sx9sBbd3d/DD+4pKYZE0jdtNomUIV/ogtAXvhP0iU6Q==}

  '@secretlint/resolver@11.7.1':
    resolution: {integrity: sha512-TShFKvFDqJalqM4r/NHrpdbd512odIOLZit01r65Szs5vdRq/W38B1QF0hwh0ZJq9wLOOpkTuVWkff0S4LFwZQ==}

  '@secretlint/resolver@13.0.6':
    resolution: {integrity: sha512-HHTfCjEZvChOFebJ/JBpsqCM/q8hmS6qZq80xbQdVEsdjMmTcTX8E/uvYkOuyozuLCWePpJCnZ6nIxceSvYoog==}

  '@secretlint/secretlint-rule-preset-recommend@11.7.1':
    resolution: {integrity: sha512-LsiEhDWoXi9GNx1Zp5eYRNajeUvBrZ82h3k/vzFqo0WoSdmpyDnkkzBTLXqWqj1VNyPCcTwlxOqnEmlz6lXc7A==}
    engines: {node: '>=20.0.0'}

  '@secretlint/secretlint-rule-preset-recommend@13.0.6':
    resolution: {integrity: sha512-5OdYoPKs7LznSY/mFgpJlSY8ayF+clq0gdfOE0ERVfvUifmIDz0yG/d1ij3wZmfpyOw33tk12zUcDZqrXHFodA==}
    engines: {node: '>=22.0.0'}

  '@secretlint/source-creator@11.7.1':
    resolution: {integrity: sha512-y7SS9VXbUJgVn0qT1KvaDsB0asLa+vsg55W6WLX4DStgkB1IrnUdwAtelZizDjeToLtjRhRRroCs8y6FFIpf3g==}
    engines: {node: '>=20.0.0'}

  '@secretlint/source-creator@13.0.6':
    resolution: {integrity: sha512-cKO2Y0gh7RMNo4vMtJgmPMDHCuJZSP3aPZ0y+KzWST3wMTNCnPQcECeQeEccdL8b2oBfVLD/UJrb7fbhumXGsw==}
    engines: {node: '>=22.0.0'}

  '@secretlint/types@11.7.1':
    resolution: {integrity: sha512-bIkBwIdQScZX5xm3DsLp3oL5U/KKUYWgmst39dZsDi55X9tKuPd7/uVpO1PqNrDW1I0QD5t6es/2LonG5RjxXg==}
    engines: {node: '>=20.0.0'}

  '@secretlint/types@13.0.6':
    resolution: {integrity: sha512-N1pXCKblM7rdbQ+wAufLLUQ4ToukuPjsCauR42fHlemp8+NXvI4FjDnvLacNbSb/9ccmrY1Isb6WjUfHZgnrRQ==}
    engines: {node: '>=22.0.0'}

  '@secretlint/walker@13.0.6':
    resolution: {integrity: sha512-i5xSlLTX+QI3AmbsR2DfR2KbQIG74qfhQovzhKOp//or9t1SL4N43w8N5/6NyESgt3XHEY2QiTSvQTOU10uHNg==}
    engines: {node: '>=22.0.0'}

  '@standard-schema/spec@1.1.0':
    resolution: {integrity: sha512-l2aFy5jALhniG5HgqrD6jXLi/rUWrKvqN/qJx6yoJsgKhblVd+iqqU4RCXavm/jPityDo5TCvKMnpjKnOriy0w==}

  '@textlint/ast-node-types@15.8.0':
    resolution: {integrity: sha512-5CiH9COYmovWmExQgs7763DzX6Gy9zjkjJ7JxCC95wyTcjwQn/8poNF6fv3qzRlmx8CRRde8DHr9FcgAAiPzgw==}

  '@textlint/linter-formatter@15.8.0':
    resolution: {integrity: sha512-+oU3A235NATv6Lzi4xa4kJ65PuNJlIxesaO4AvDhDWA9FWm7y4XKWaoQCW1esgaQQ6dwnUiFKArQ8TcJ86mC4w==}
    engines: {node: '>=20.18.0'}

  '@textlint/module-interop@15.8.0':
    resolution: {integrity: sha512-rt+OR1WYGoLOY8HkA/aBPrqufF6yUUEsKEAh7XohTsT3lp9IyZFT6zOIbjul9P4FAzsmSPkcrYjVx3Bz/IUfkg==}

  '@textlint/resolver@15.8.0':
    resolution: {integrity: sha512-E88tzfX3K8Jykk+38aJ9cy8RquD8ABVOPTO2rFEESq0wcg8x6/ypdAS8ZgR7OKiGqlRF0hkO/m5PbQwVfKM3VA==}

  '@textlint/types@15.8.0':
    resolution: {integrity: sha512-Anhc6y5736YIsvqae0U6k0YmB2M/QVHkEeOv2aydAn/WIkdI69dCOiDbe3/+RagS3qstFTSFWJzNRA2lUjv19w==}

  '@types/normalize-package-data@2.4.4':
    resolution: {integrity: sha512-37i+OaWTh9qeK4LSHPsyRC7NahnGotNuZvjLSgcPzblpHB3rrCJxAOgI5gCdKm7coonsaX1Of0ILiTcnZjbfxA==}

  '@vercel/oidc@3.2.0':
    resolution: {integrity: sha512-UycprH3T6n3jH0k44NHMa7pnFHGu/N05MjojYr+Mc6I7obkoLIJujSWwin1pCvdy/eOxrI/l3uDLQsmcrOb4ug==}
    engines: {node: '>= 20'}

  '@workflow/serde@4.1.0':
    resolution: {integrity: sha512-pav4F2BoirECWR7Nf1TKt+2eETcBj7jj4cBefQ8VXQCA6NPkaKeLfj/zMgi+3zYV5ZIBT4GuUiphsj0/b9hPQQ==}

  ai@7.0.116:
    resolution: {integrity: sha512-gmkVGPzTNPcJixBiG9zUvP3gmvwko85dHiKrxFKK0zcVJIIu1FP6YDo3jna+ZrC2twMAsUPLr5htCwZjCINH3Q==}
    engines: {node: '>=22'}
    peerDependencies:
      zod: ^3.25.76 || ^4.1.8

  ajv@8.20.0:
    resolution: {integrity: sha512-Thbli+OlOj+iMPYFBVBfJ3OmCAnaSyNn4M1vz9T6Gka5Jt9ba/HIR56joy65tY6kx/FCF5VXNB819Y7/GUrBGA==}

  ansi-escapes@7.3.0:
    resolution: {integrity: sha512-BvU8nYgGQBxcmMuEeUEmNTvrMVjJNSH7RgW24vXexN4Ven6qCvy4TntnvlnwnMLTVlcRQQdbRY8NKnaIoeWDNg==}
    engines: {node: '>=18'}

  ansi-regex@5.0.1:
    resolution: {integrity: sha512-quJQXlTSUGL2LH9SUXo8VwsY4soanhgo6LNSm84E1LBcE8s3O0wpdiRzyR9z/ZZJMlMWv37qOOb9pdJlMUEKFQ==}
    engines: {node: '>=8'}

  ansi-regex@6.3.0:
    resolution: {integrity: sha512-WpDfL7NO6j7tH88IDBNVdUJxDh9nmCteAVW9dsep846XdwF4naCBK+/tGLX3KJgcpgMRXCFlTM2hKGoK9FsdrQ==}
    engines: {node: '>=12'}

  ansi-styles@4.3.0:
    resolution: {integrity: sha512-zbB9rCJAT1rbjiVDb2hqKFHNYLxgtk8NURxZ3IZwD3F6NtxbXZQCnnSi1Lkx+IDohdPlFp222wVALIheZJQSEg==}
    engines: {node: '>=8'}

  argparse@2.0.1:
    resolution: {integrity: sha512-8+9WqebbFzpX9OR+Wa6O29asIogeRMzcGtAINdpMHHyAg10f05aSFVBbcEqGf/PXw1EjAZ+q2/bEBg3DvurK3Q==}

  astral-regex@2.0.0:
    resolution: {integrity: sha512-Z7tMw1ytTXt5jqMcOP+OQteU1VuNK9Y02uuJtKQ1Sv69jXQKKg5cibLwGJow8yzZP+eAc18EmLGPal0bp36rvQ==}
    engines: {node: '>=8'}

  binaryextensions@6.11.0:
    resolution: {integrity: sha512-sXnYK/Ij80TO3lcqZVV2YgfKN5QjUWIRk/XSm2J/4bd/lPko3lvk0O4ZppH6m+6hB2/GTu+ptNwVFe1xh+QLQw==}
    engines: {node: '>=4'}

  boundary@2.0.0:
    resolution: {integrity: sha512-rJKn5ooC9u8q13IMCrW0RSp31pxBCHE3y9V/tp3TdWSLf8Em3p6Di4NBpfzbJge9YjjFEsD0RtFEjtvHL5VyEA==}

  bundle-name@4.1.1:
    resolution: {integrity: sha512-DdH81/zPLVS11EUgWq3tEu/xn+EzljlMYooDNdzWEnFha3R3NBMpMV1UqYIpjYHV/SgpFKMIX1Oh7o06SjM/oA==}
    engines: {node: '>=18'}

  chalk@5.6.2:
    resolution: {integrity: sha512-7NzBL0rN6fMUW+f7A6Io4h40qQlG+xGmtMxfbnH/K7TAtt8JQWVQK+6g0UXKMeVJoyV5EkkNsErQ8pVD3bLHbA==}
    engines: {node: ^12.17.0 || ^14.13 || >=16.0.0}

  color-convert@2.0.1:
    resolution: {integrity: sha512-RRECPsj7iu/xb5oKYcsFHSppFNnsj/52OVTRKb4zP5onXwVF3zVmmToNcOfGC+CRDpfK/U584fMg38ZHCaElKQ==}
    engines: {node: '>=7.0.0'}

  color-name@1.1.4:
    resolution: {integrity: sha512-dOy+3AuW3a2wNbZHIuMZpTcgjGuLU/uBL/ubcZF9OXbDo8ff4O8yVp5Bf0efS8uEoYo5q4Fx7dY9OgQGXgAsQA==}

  debug@4.4.3:
    resolution: {integrity: sha512-RGwwWnwQvkVfavKVt22FGLw+xYSdzARwm0ru6DhTVA3umU5hZc28V3kO4stgYryrTlLpuvgI9GiijltAjNbcqA==}
    engines: {node: '>=6.0'}
    peerDependencies:
      supports-color: '*'
    peerDependenciesMeta:
      supports-color:
        optional: true

  default-browser-id@5.0.1:
    resolution: {integrity: sha512-x1VCxdX4t+8wVfd1so/9w+vQ4vx7lKd2Qp5tDRutErwmR85OgmfX7RlLRMWafRMY7hbEiXIbudNrjOAPa/hL8Q==}
    engines: {node: '>=18'}

  default-browser@5.5.1:
    resolution: {integrity: sha512-m1pAzaJgZ/gssEqlOhJkPJp8Xly7QyW6xcrkUa2KKcDeDSEMP7X8xipU3snUcfisTQx0w1AGae+9UtJSfVnXGw==}
    engines: {node: '>=18'}

  define-lazy-prop@3.0.0:
    resolution: {integrity: sha512-N+MeXYoqr3pOgn8xfyRPREN7gHakLYjhsHhWGT3fWAiL4IkAt0iDw14QiiEm2bE30c5XX5q0FtAA3CK5f9/BUg==}
    engines: {node: '>=12'}

  editions@6.22.0:
    resolution: {integrity: sha512-UgGlf8IW75je7HZjNDpJdCv4cGJWIi6yumFdZ0R7A8/CIhQiWUjyGLCxdHpd8bmyD1gnkfUNK0oeOXqUS2cpfQ==}
    engines: {ecmascript: '>= es5', node: '>=4'}

  emoji-regex@8.0.0:
    resolution: {integrity: sha512-MSjYzcWNOA0ewAHpz0MxpYFvwg6yjy1NG3xteoqz644VCo/RPgnr1/GGt+ic3iJTzQ8Eu3TdM14SawnVUmGE6A==}

  environment@1.1.0:
    resolution: {integrity: sha512-xUtoPkMggbz0MPyPiIWr1Kp4aeWJjDZ6SMvURhimjdZgsRuDplF5/s9hcgGhyXMhs+6vpnuoiZ2kFiu3FMnS8Q==}
    engines: {node: '>=18'}

  eventsource-parser@3.1.1:
    resolution: {integrity: sha512-EKN1vKAMcZ8MlYMpaNuxN6R9yakzH6uajHcHVTqWJzvu5pWw9DyhbP35HH8MVBQ+dZjAfDxk+A8NiR9KWaXiyQ==}
    engines: {node: '>=18.0.0'}

  fast-deep-equal@3.1.3:
    resolution: {integrity: sha512-f3qQ9oQy9j2AhBe/H9VC91wLmKBCCU/gDOnKNAYG5hswO7BLKj09Hc5HYNz9cGI++xlpDCIgDaitVs03ATR84Q==}

  fast-uri@3.1.8:
    resolution: {integrity: sha512-GZMtZUTNRpOVIECoXwLNZS5xUGE+mVNbTB8h/7Rwh2TFWcBQiPzTgyZi05BF9UMZKkLJv8XBRJTlU7zg8+ZfMg==}

  has-flag@4.0.0:
    resolution: {integrity: sha512-EykJT/Q1KjTWctppgIAgfSO0tKVuZUjhgMr17kqTumMl6Afv3EISleU7qZUzoXDFTAHTDC4NOoG/ZxU3EvlMPQ==}
    engines: {node: '>=8'}

  has-flag@5.0.1:
    resolution: {integrity: sha512-CsNUt5x9LUdx6hnk/E2SZLsDyvfqANZSUq4+D3D8RzDJ2M+HDTIkF60ibS1vHaK55vzgiZw1bEPFG9yH7l33wA==}
    engines: {node: '>=12'}

  hosted-git-info@9.0.3:
    resolution: {integrity: sha512-Hc+ghLoSt6QaYZUv0WBiIvmMDZuZZ7oaDvdH8MbfOO4lOsxdXLEvuC6ePoGs9H1X9oCLyq6+NVN0MKqD+ydxyg==}
    engines: {node: ^20.17.0 || >=22.9.0}

  ignore@7.0.10:
    resolution: {integrity: sha512-HpbUakT7xp5miBUywCHf36ZEuAJNklBJDDsGpUIjMzOSmM8ELSfA9Sa/QDPeNeqeoN31u+UTCkL4klCOVvRm4Q==}
    engines: {node: '>= 4'}

  index-to-position@1.2.0:
    resolution: {integrity: sha512-Yg7+ztRkqslMAS2iFaU+Oa4KTSidr63OsFGlOrJoW981kIYO3CGCS3wA95P1mUi/IVSJkn0D479KTJpVpvFNuw==}
    engines: {node: '>=18'}

  is-docker@3.0.0:
    resolution: {integrity: sha512-eljcgEDlEns/7AXFosB5K/2nCM4P7FQPkGc/DWLy5rmFEWvZayGrik1d9/QIY5nJ4f9YsVvBkA6kJpHn9rISdQ==}
    engines: {node: ^12.20.0 || ^14.13.1 || >=16.0.0}
    hasBin: true

  is-fullwidth-code-point@3.0.0:
    resolution: {integrity: sha512-zymm5+u+sCsSWyD9qNaejV3DFvhCKclKdizYaJUuHA83RLjb7nSuGnddCHGv0hk+KY7BMAlsWeK4Ueg6EV6XQg==}
    engines: {node: '>=8'}

  is-inside-container@1.0.0:
    resolution: {integrity: sha512-KIYLCCJghfHZxqjYBE7rEy0OBuTd5xCHS7tHVgvCLkx7StIoaxwNW3hCALgEUjFfeRk+MG/Qxmp/vtETEF3tRA==}
    engines: {node: '>=14.16'}
    hasBin: true

  is-wsl@3.1.1:
    resolution: {integrity: sha512-e6rvdUCiQCAuumZslxRJWR/Doq4VpPR82kqclvcS0efgt430SlGIk05vdCN58+VrzgtIcfNODjozVielycD4Sw==}
    engines: {node: '>=16'}

  istextorbinary@9.5.0:
    resolution: {integrity: sha512-5mbUj3SiZXCuRf9fT3ibzbSSEWiy63gFfksmGfdOzujPjW3k+z8WvIBxcJHBoQNlaZaiyB25deviif2+osLmLw==}
    engines: {node: '>=4'}

  js-tokens@4.0.0:
    resolution: {integrity: sha512-RdJUflcE3cUzKiMqQgsCu06FPu9UdIJO0beYbPhHN4k6apgJtifcoCtT9bcxOpYBtpD2kCM6Sbzg4CausW/PKQ==}

  js-yaml@4.3.2:
    resolution: {integrity: sha512-SFNOvSJ+Dgf/9An904Yx+CgSlIPCkIpao4qo51lpee25TIRejdH3rhR4EZMGoNx3/TP3O+wzWuiTFl4sqbltzA==}
    hasBin: true

  json-schema-traverse@1.0.0:
    resolution: {integrity: sha512-NM8/P9n3XjXhIZn1lLhkFaACTOURQXjWhV4BA/RnOv8xvgqtqpAX9IO4mRQxSx1Rlo4tqzeqb0sOlruaOy3dug==}

  json-schema@0.4.0:
    resolution: {integrity: sha512-es94M3nTIfsEPisRafak+HDLfHXnKBhV3vU5eqPcS3flIWqcxJWgXHXiey3YrpaNsanY5ei1VoYEbOzijuq9BA==}

  json5@2.2.3:
    resolution: {integrity: sha512-XmOWe7eyHYH14cLdVPoyg+GOH3rYX++KpzrylJwSW98t3Nk+U8XOl8FWKOgwtzdb8lXGf6zYwDUzeHMWfxasyg==}
    engines: {node: '>=6'}
    hasBin: true

  lint-staged@17.6.0:
    resolution: {integrity: sha512-nOhBfYkZEwkFtNzD5pK9s9LkcWoxJ+whLzEnhqi9nl7zTB5n7tg8+9iYgMGx2Wm3VlLu8cbNj0RACzY+nWi5iQ==}
    engines: {node: '>=22.22.1'}
    hasBin: true

  lodash.truncate@4.4.2:
    resolution: {integrity: sha512-jttmRe7bRse52OsWIMDLaXxWqRAmtIUccAQ3garviCqJjafXOfNMO0yMfNpdD6zbGaTU0P5Nz7e7gAT6cKmJRw==}

  lodash@4.18.1:
    resolution: {integrity: sha512-dMInicTPVE8d1e5otfwmmjlxkZoUpiVLwyeTdUsi/Caj/gfzzblBcCE5sRHV/AsjuCmxWrte2TNGSYuCeCq+0Q==}

  lru-cache@11.5.3:
    resolution: {integrity: sha512-U4N8FgzmWxc8k1VH8Kr6lQg18U7Fjvby6wXHVRX/ZZ7IwWbRMgrRbP0Wrb5q5NVinryp4SQampHKdvtecItxUg==}
    engines: {node: 20 || >=22}

  ms@2.1.3:
    resolution: {integrity: sha512-6FlzubTLZG3J2a/NVCAleEhjzq5oxgHyaCU9yYXvcLsvoVaHJq/s5xXI6/XXP6tz7R9xAOtHnSO/tXtF3WRTlA==}

  normalize-package-data@8.0.0:
    resolution: {integrity: sha512-RWk+PI433eESQ7ounYxIp67CYuVsS1uYSonX3kA6ps/3LWfjVQa/ptEg6Y3T6uAMq1mWpX9PQ+qx+QaHpsc7gQ==}
    engines: {node: ^20.17.0 || >=22.9.0}

  open@10.2.0:
    resolution: {integrity: sha512-YgBpdJHPyQ2UE5x+hlSXcnejzAvD0b22U2OuAP+8OnlJT+PjWPxtgmGqKKc+RgTM63U9gN0YzrYc71R2WT/hTA==}
    engines: {node: '>=18'}

  p-map@7.0.8:
    resolution: {integrity: sha512-MitaVsCuCFIvOLLPIU7NnfrZvS9H9h7kwMUkDo+T2pEISaJD48IV9S8iIdXB7PsvvdxyYcsSTTrr90XKsbulNw==}
    engines: {node: '>=18'}

  package-manager-detector@1.8.0:
    resolution: {integrity: sha512-yQA4H19AmPEoMUeavPMDIe1higySl/gH/yaQrkT/s07Qp+7pp2hYz30N3z2l5BkjVkF9Ow6o0wjJamm2y7Sn0A==}

  parse-json@8.3.0:
    resolution: {integrity: sha512-ybiGyvspI+fAoRQbIPRddCcSTV9/LsJbf0e/S85VLowVGzRmokfneg2kwVW/KU5rOXrPSbF1qAKPMgNTqqROQQ==}
    engines: {node: '>=18'}

  picocolors@1.1.1:
    resolution: {integrity: sha512-xceH2snhtb5M9liqDsmEw56le376mTZkEX/jEb/RxNFyegNul7eNslCXP9FDj/Lcu0X8KEyMceP2ntpaHrDEVA==}

  picomatch@4.0.7:
    resolution: {integrity: sha512-qcJu88Q2IWqJsDD529JKMdwGm/dvInW4HvQnRwiH9JtihJvzGOscDtHE3x1pBKeUOTysQ8kVmLnJ2kJu7yhcGA==}
    engines: {node: '>=12'}

  pluralize@2.0.0:
    resolution: {integrity: sha512-TqNZzQCD4S42De9IfnnBvILN7HAW7riLqsCyp8lgjXeysyPlX5HhqKAcJHHHb9XskE4/a+7VGC9zzx8Ls0jOAw==}

  pluralize@8.0.0:
    resolution: {integrity: sha512-Nc3IT5yHzflTfbjgqWcCPpo7DaKy4FnpB0l/zCAW0Tc7jxAiuqSxHasntB3D7887LSrA93kDJ9IXovxJYxyLCA==}
    engines: {node: '>=4'}

  rc-config-loader@4.1.4:
    resolution: {integrity: sha512-3GiwEzklkbXTDp52UR5nT8iXgYAx1V9ZG/kDZT7p60u2GCv2XTwQq4NzinMoMpNtXhmt3WkhYXcj6HH8HdwCEQ==}

  read-pkg@10.1.0:
    resolution: {integrity: sha512-I8g2lArQiP78ll51UeMZojewtYgIRCKCWqZEgOO8c/uefTI+XDXvCSXu3+YNUaTNvZzobrL5+SqHjBrByRRTdg==}
    engines: {node: '>=20'}

  require-from-string@2.0.2:
    resolution: {integrity: sha512-Xf0nWe6RseziFMu+Ap9biiUbmplq6S9/p+7w7YXP/JBHhrUDDUhwa+vANyubuqfZWTveU//DYVGsDG7RKL/vEw==}
    engines: {node: '>=0.10.0'}

  run-applescript@7.1.0:
    resolution: {integrity: sha512-DPe5pVFaAsinSaV6QjQ6gdiedWDcRCbUuiQfQa2wmWV7+xC9bGulGI8+TdRmoFkAPaBXk8CrAbnlY2ISniJ47Q==}
    engines: {node: '>=18'}

  secretlint@13.0.6:
    resolution: {integrity: sha512-9l+ZtJTOukuRrFOY9iTNEteO84zyPJ68LgYMUj6T5GOBRH7tnyV+UDIO/SrADbjRSx7eDGZ8q8+CxHkqhoVOwA==}
    engines: {node: '>=22.0.0'}
    hasBin: true

  semver@7.8.5:
    resolution: {integrity: sha512-Y7/KDsb8LjooZpwaqGyulO6DQlksgCncchHGk+sZIY4SBvUocMBEFH5Ur1fI4dV+Jvl0w6cjvucaIi40puRioA==}
    engines: {node: '>=10'}
    hasBin: true

  simple-git-hooks@2.14.0:
    resolution: {integrity: sha512-kkTORPAuxQz2g1QUuN0J8yGWT28tjGBfPOdJ4xT7Vbeu30veKUZQIoID2qGgCDAakaQn59UeZJJ4cFGB8PVP2A==}
    hasBin: true

  slice-ansi@4.0.0:
    resolution: {integrity: sha512-qMCMfhY040cVHT43K9BFygqYbUPFZKHOg7K73mtTWJRb8pyP3fzf4Ixd5SzdEJQ6MRUg/WBnOLxghZtKKurENQ==}
    engines: {node: '>=10'}

  spdx-correct@3.2.0:
    resolution: {integrity: sha512-kN9dJbvnySHULIluDHy32WHRUu3Og7B9sbY7tsFLctQkIqnMh3hErYgdMjTYuqmcXX+lK5T1lnUt3G7zNswmZA==}

  spdx-exceptions@2.5.0:
    resolution: {integrity: sha512-PiU42r+xO4UbUS1buo3LPJkjlO7430Xn5SVAhdpzzsPHsjbYVflnnFdATgabnLude+Cqu25p6N+g2lw/PFsa4w==}

  spdx-expression-parse@3.0.1:
    resolution: {integrity: sha512-cbqHunsQWnJNE6KhVSMsMeH5H/L9EpymbzqTQ3uLwNCLZ1Q481oWaofqH7nO6V07xlXwY6PhQdQ2IedWx/ZK4Q==}

  spdx-license-ids@3.0.24:
    resolution: {integrity: sha512-cLS9TtWkIQFyLkJ3/5aFQAOHOSKTlOs/7WDut/XPSdjom1fJhUdkepeJAKXa9Y05+FabHd0sti+Et559vDtkpQ==}

  string-argv@0.3.2:
    resolution: {integrity: sha512-aqD2Q0144Z+/RqG52NeHEkZauTAUWJO8c6yTftGJKO3Tja5tUgIfmIl6kExvhtxSDP7fXB6DvzkfMpCd/F3G+Q==}
    engines: {node: '>=0.6.19'}

  string-width@4.2.3:
    resolution: {integrity: sha512-wKyQRQpjJ0sIp62ErSZdGsjMJWsap5oRNihHhu6G7JVO/9jIB6UyevL+tXuOqrng8j/cxKTWyWUwvSTriiZz/g==}
    engines: {node: '>=8'}

  strip-ansi@6.0.1:
    resolution: {integrity: sha512-Y38VPSHcqkFrCpFnQ9vuSXmquuv5oXOKpGeT6aGrr3o3Gc9AlVa6JBfUSOCnbxGGZF+/0ooI7KrPuUSztUdU5A==}
    engines: {node: '>=8'}

  strip-ansi@7.2.0:
    resolution: {integrity: sha512-yDPMNjp4WyfYBkHnjIRLfca1i6KMyGCtsVgoKe/z1+6vukgaENdgGBZt+ZmKPc4gavvEZ5OgHfHdrazhgNyG7w==}
    engines: {node: '>=12'}

  structured-source@4.0.0:
    resolution: {integrity: sha512-qGzRFNJDjFieQkl/sVOI2dUjHKRyL9dAJi2gCPGJLbJHBIkyOHxjuocpIEfbLioX+qSJpvbYdT49/YCdMznKxA==}

  supports-color@10.2.2:
    resolution: {integrity: sha512-SS+jx45GF1QjgEXQx4NJZV9ImqmO2NPz5FNsIHrsDjh2YsHnawpan7SNQ1o8NuhrbHZy9AZhIoCUiCeaW/C80g==}
    engines: {node: '>=18'}

  supports-color@7.2.0:
    resolution: {integrity: sha512-qpCAvRl9stuOHveKsn7HncJRvv501qIacKzQlO/+Lwxc9+0q2wLyv4Dfvt80/DPn2pqOBsJdDiogXGR9+OvwRw==}
    engines: {node: '>=8'}

  supports-hyperlinks@3.2.0:
    resolution: {integrity: sha512-zFObLMyZeEwzAoKCyu1B91U79K2t7ApXuQfo8OuxwXLDgcKxuwM+YvcbIhm6QWqz7mHUH1TVytR1PwVVjEuMig==}
    engines: {node: '>=14.18'}

  supports-hyperlinks@4.5.0:
    resolution: {integrity: sha512-ZW2OvfeCXrNTbLakPUzjQG922EeGCOteFSVoek5DKStTh898wf7zgtuFlzQN8HfZCxC3Eh02yJVrRW51hADf+w==}
    engines: {node: '>=20'}

  table@6.9.0:
    resolution: {integrity: sha512-9kY+CygyYM6j02t5YFHbNz2FN5QmYGv9zAjVp4lCDjlCw7amdckXlEt/bjMhUIfj4ThGRE4gCUH5+yGnNuPo5A==}
    engines: {node: '>=10.0.0'}

  tagged-tag@1.0.0:
    resolution: {integrity: sha512-yEFYrVhod+hdNyx7g5Bnkkb0G6si8HJurOoOEgC8B/O0uXLHlaey/65KRv6cuWBNhBgHKAROVpc7QyYqE5gFng==}
    engines: {node: '>=20'}

  terminal-link@4.0.0:
    resolution: {integrity: sha512-lk+vH+MccxNqgVqSnkMVKx4VLJfnLjDBGzH16JVZjKE2DoxP57s6/vt6JmXV5I3jBcfGrxNrYtC+mPtU7WJztA==}
    engines: {node: '>=18'}

  terminal-link@5.0.0:
    resolution: {integrity: sha512-qFAy10MTMwjzjU8U16YS4YoZD+NQLHzLssFMNqgravjbvIPNiqkGFR4yjhJfmY9R5OFU7+yHxc6y+uGHkKwLRA==}
    engines: {node: '>=20'}

  text-table@0.2.0:
    resolution: {integrity: sha512-N+8UisAXDGk8PFXP4HAzVR9nbfmVJ3zYLAWiTIoqC5v5isinhr+r5uaO8+7r3BMfuNIufIsA7RdpVgacC2cSpw==}

  textextensions@6.11.0:
    resolution: {integrity: sha512-tXJwSr9355kFJI3lbCkPpUH5cP8/M0GGy2xLO34aZCjMXBaK3SoPnZwr/oWmo1FdCnELcs4npdCIOFtq9W3ruQ==}
    engines: {node: '>=4'}

  tinyexec@1.3.1:
    resolution: {integrity: sha512-GCvB3aoys96IuDFBMcTB46JOR6mdMtAToqwiW8JlWhsoh1mhHi/xn9ss/Dg7N555GiJyEt2qzoG/NHCwM6h1EA==}
    engines: {node: '>=18'}

  type-fest@4.41.0:
    resolution: {integrity: sha512-TeTSQ6H5YHvpqVwBRcnLDCBnDOHWYu7IvGbHT6N8AOymcr9PJGjc1GTtiWZTYg0NCgYwvnYWEkVChQAr9bjfwA==}
    engines: {node: '>=16'}

  type-fest@5.10.0:
    resolution: {integrity: sha512-NoSdpq/WEiAg5sjmBkmV/hfxv6HJH4NqPNrqjtSO5CwRmpsDfaf4begxW34KdJykH/l1yHtwBWQkCRdoXO8mPA==}
    engines: {node: '>=20'}

  undici@7.30.0:
    resolution: {integrity: sha512-dkrQXeHSaoamnItlYbmzG0wFYrM0ZwDxCIg0A7aKjTyyhh9svRzCNFEzV+Vm05/yehjCzjDZ31KXfGEjYSztDQ==}
    engines: {node: '>=20.18.1'}

  unicorn-magic@0.4.1:
    resolution: {integrity: sha512-lzlXPoVB0Uy/FvTaUgX39RbixYiSKoc3JSoSf01+0c2B6FR3qdYIPN7Qjo/AV7n6sqLCk0509cT3LRj1oSZ1+A==}
    engines: {node: '>=20'}

  validate-npm-package-license@3.0.4:
    resolution: {integrity: sha512-DpKm2Ui/xN7/HQKCtpZxoRWBhZ9Z0kqtygG8XCgNQ8ZlDnxuQmWhj566j8fN4Cu3/JmbhsDo7fcAJq4s9h27Ew==}

  version-range@4.15.0:
    resolution: {integrity: sha512-Ck0EJbAGxHwprkzFO966t4/5QkRuzh+/I1RxhLgUKKwEn+Cd8NwM60mE3AqBZg5gYODoXW0EFsQvbZjRlvdqbg==}
    engines: {node: '>=4'}

  wsl-utils@0.1.0:
    resolution: {integrity: sha512-h3Fbisa2nKGPxCpm89Hk33lBLsnaGBvctQopaBSOW/uIs6FTe1ATyAnKFJrzVs9vpGdsTe73WF3V4lIsk4Gacw==}
    engines: {node: '>=18'}

  yaml@2.9.1:
    resolution: {integrity: sha512-3NxN8+78OdzbT7C/WjGsyfPAtJaN3FNDsWxv7Y7mcDsT/oOmgW8BpyQQFFBnvZE3j9Y2Sdz1ULFLezL7Eb2yFw==}
    engines: {node: '>= 14.6'}
    hasBin: true

  zenn-cli@0.5.4:
    resolution: {integrity: sha512-YqoGZa7xhJ0Wx9ZomPBuVeKhnbkb5HYHtnzEg0xP2L1U43hUMwi0xRWjO5+zIlq8yBlumkMo5WfhT5BStL3zAQ==}
    engines: {node: '>=22.12.0'}
    hasBin: true

  zod@4.6.5:
    resolution: {integrity: sha512-v5l/aFXZQeai4awLbOpSoHecE9UiMrnfx75tEXLjNonXVARxQ5mOeipTjROUchszUNCqnE+hqAMujRsRHsut2Q==}

snapshots:

  '@ai-sdk/fireworks@3.0.60(zod@4.6.5)':
    dependencies:
      '@ai-sdk/openai-compatible': 3.0.57(zod@4.6.5)
      '@ai-sdk/provider': 4.0.18
      '@ai-sdk/provider-utils': 5.0.49(zod@4.6.5)
      zod: 4.6.5

  '@ai-sdk/gateway@4.0.94(zod@4.6.5)':
    dependencies:
      '@ai-sdk/provider': 4.0.18
      '@ai-sdk/provider-utils': 5.0.49(zod@4.6.5)
      '@vercel/oidc': 3.2.0
      zod: 4.6.5

  '@ai-sdk/openai-compatible@3.0.57(zod@4.6.5)':
    dependencies:
      '@ai-sdk/provider': 4.0.18
      '@ai-sdk/provider-utils': 5.0.49(zod@4.6.5)
      zod: 4.6.5

  '@ai-sdk/openai@4.0.78(zod@4.6.5)':
    dependencies:
      '@ai-sdk/provider': 4.0.18
      '@ai-sdk/provider-utils': 5.0.49(zod@4.6.5)
      zod: 4.6.5

  '@ai-sdk/provider-utils@5.0.49(zod@4.6.5)':
    dependencies:
      '@ai-sdk/provider': 4.0.18
      '@standard-schema/spec': 1.1.0
      '@workflow/serde': 4.1.0
      eventsource-parser: 3.1.1
      undici: 7.30.0
      zod: 4.6.5

  '@ai-sdk/provider@4.0.18':
    dependencies:
      json-schema: 0.4.0

  '@azu/format-text@1.0.2': {}

  '@azu/style-format@1.0.1':
    dependencies:
      '@azu/format-text': 1.0.2

  '@babel/code-frame@7.29.7':
    dependencies:
      '@babel/helper-validator-identifier': 7.29.7
      js-tokens: 4.0.0
      picocolors: 1.1.1

  '@babel/helper-validator-identifier@7.29.7': {}

  '@secretlint/config-creator@13.0.6':
    dependencies:
      '@secretlint/types': 13.0.6

  '@secretlint/config-loader@11.7.1':
    dependencies:
      '@secretlint/profiler': 11.7.1
      '@secretlint/resolver': 11.7.1
      '@secretlint/types': 11.7.1
      ajv: 8.20.0
      debug: 4.4.3
      rc-config-loader: 4.1.4
    transitivePeerDependencies:
      - supports-color

  '@secretlint/config-loader@13.0.6':
    dependencies:
      '@secretlint/profiler': 13.0.6
      '@secretlint/resolver': 13.0.6
      '@secretlint/types': 13.0.6
      ajv: 8.20.0
      debug: 4.4.3
      rc-config-loader: 4.1.4
    transitivePeerDependencies:
      - supports-color

  '@secretlint/core@11.7.1':
    dependencies:
      '@secretlint/profiler': 11.7.1
      '@secretlint/types': 11.7.1
      debug: 4.4.3
      structured-source: 4.0.0
    transitivePeerDependencies:
      - supports-color

  '@secretlint/core@13.0.6':
    dependencies:
      '@secretlint/profiler': 13.0.6
      '@secretlint/types': 13.0.6
      debug: 4.4.3
      structured-source: 4.0.0
    transitivePeerDependencies:
      - supports-color

  '@secretlint/formatter@11.7.1':
    dependencies:
      '@secretlint/resolver': 11.7.1
      '@secretlint/types': 11.7.1
      '@textlint/linter-formatter': 15.8.0
      '@textlint/module-interop': 15.8.0
      '@textlint/types': 15.8.0
      chalk: 5.6.2
      debug: 4.4.3
      pluralize: 8.0.0
      strip-ansi: 7.2.0
      table: 6.9.0
      terminal-link: 4.0.0
    transitivePeerDependencies:
      - supports-color

  '@secretlint/formatter@13.0.6':
    dependencies:
      '@secretlint/resolver': 13.0.6
      '@secretlint/types': 13.0.6
      '@textlint/linter-formatter': 15.8.0
      '@textlint/module-interop': 15.8.0
      '@textlint/types': 15.8.0
      chalk: 5.6.2
      debug: 4.4.3
      pluralize: 8.0.0
      strip-ansi: 7.2.0
      table: 6.9.0
      terminal-link: 5.0.0
    transitivePeerDependencies:
      - supports-color

  '@secretlint/node@11.7.1':
    dependencies:
      '@secretlint/config-loader': 11.7.1
      '@secretlint/core': 11.7.1
      '@secretlint/formatter': 11.7.1
      '@secretlint/profiler': 11.7.1
      '@secretlint/source-creator': 11.7.1
      '@secretlint/types': 11.7.1
      debug: 4.4.3
      p-map: 7.0.8
    transitivePeerDependencies:
      - supports-color

  '@secretlint/node@13.0.6':
    dependencies:
      '@secretlint/config-loader': 13.0.6
      '@secretlint/core': 13.0.6
      '@secretlint/formatter': 13.0.6
      '@secretlint/profiler': 13.0.6
      '@secretlint/source-creator': 13.0.6
      '@secretlint/types': 13.0.6
      debug: 4.4.3
      p-map: 7.0.8
    transitivePeerDependencies:
      - supports-color

  '@secretlint/profiler@11.7.1': {}

  '@secretlint/profiler@13.0.6': {}

  '@secretlint/resolver@11.7.1': {}

  '@secretlint/resolver@13.0.6': {}

  '@secretlint/secretlint-rule-preset-recommend@11.7.1': {}

  '@secretlint/secretlint-rule-preset-recommend@13.0.6': {}

  '@secretlint/source-creator@11.7.1':
    dependencies:
      '@secretlint/types': 11.7.1
      istextorbinary: 9.5.0

  '@secretlint/source-creator@13.0.6':
    dependencies:
      '@secretlint/types': 13.0.6
      istextorbinary: 9.5.0

  '@secretlint/types@11.7.1': {}

  '@secretlint/types@13.0.6': {}

  '@secretlint/walker@13.0.6':
    dependencies:
      ignore: 7.0.10
      picomatch: 4.0.7

  '@standard-schema/spec@1.1.0': {}

  '@textlint/ast-node-types@15.8.0': {}

  '@textlint/linter-formatter@15.8.0':
    dependencies:
      '@azu/format-text': 1.0.2
      '@azu/style-format': 1.0.1
      '@textlint/module-interop': 15.8.0
      '@textlint/resolver': 15.8.0
      '@textlint/types': 15.8.0
      debug: 4.4.3
      js-yaml: 4.3.2
      lodash: 4.18.1
      pluralize: 2.0.0
      string-width: 4.2.3
      strip-ansi: 6.0.1
      table: 6.9.0
      text-table: 0.2.0
    transitivePeerDependencies:
      - supports-color

  '@textlint/module-interop@15.8.0': {}

  '@textlint/resolver@15.8.0': {}

  '@textlint/types@15.8.0':
    dependencies:
      '@textlint/ast-node-types': 15.8.0

  '@types/normalize-package-data@2.4.4': {}

  '@vercel/oidc@3.2.0': {}

  '@workflow/serde@4.1.0': {}

  ai@7.0.116(zod@4.6.5):
    dependencies:
      '@ai-sdk/gateway': 4.0.94(zod@4.6.5)
      '@ai-sdk/provider': 4.0.18
      '@ai-sdk/provider-utils': 5.0.49(zod@4.6.5)
      zod: 4.6.5

  ajv@8.20.0:
    dependencies:
      fast-deep-equal: 3.1.3
      fast-uri: 3.1.8
      json-schema-traverse: 1.0.0
      require-from-string: 2.0.2

  ansi-escapes@7.3.0:
    dependencies:
      environment: 1.1.0

  ansi-regex@5.0.1: {}

  ansi-regex@6.3.0: {}

  ansi-styles@4.3.0:
    dependencies:
      color-convert: 2.0.1

  argparse@2.0.1: {}

  astral-regex@2.0.0: {}

  binaryextensions@6.11.0:
    dependencies:
      editions: 6.22.0

  boundary@2.0.0: {}

  bundle-name@4.1.1:
    dependencies:
      run-applescript: 7.1.0

  chalk@5.6.2: {}

  color-convert@2.0.1:
    dependencies:
      color-name: 1.1.4

  color-name@1.1.4: {}

  debug@4.4.3:
    dependencies:
      ms: 2.1.3

  default-browser-id@5.0.1: {}

  default-browser@5.5.1:
    dependencies:
      bundle-name: 4.1.1
      default-browser-id: 5.0.1

  define-lazy-prop@3.0.0: {}

  editions@6.22.0:
    dependencies:
      version-range: 4.15.0

  emoji-regex@8.0.0: {}

  environment@1.1.0: {}

  eventsource-parser@3.1.1: {}

  fast-deep-equal@3.1.3: {}

  fast-uri@3.1.8: {}

  has-flag@4.0.0: {}

  has-flag@5.0.1: {}

  hosted-git-info@9.0.3:
    dependencies:
      lru-cache: 11.5.3

  ignore@7.0.10: {}

  index-to-position@1.2.0: {}

  is-docker@3.0.0: {}

  is-fullwidth-code-point@3.0.0: {}

  is-inside-container@1.0.0:
    dependencies:
      is-docker: 3.0.0

  is-wsl@3.1.1:
    dependencies:
      is-inside-container: 1.0.0

  istextorbinary@9.5.0:
    dependencies:
      binaryextensions: 6.11.0
      editions: 6.22.0
      textextensions: 6.11.0

  js-tokens@4.0.0: {}

  js-yaml@4.3.2:
    dependencies:
      argparse: 2.0.1

  json-schema-traverse@1.0.0: {}

  json-schema@0.4.0: {}

  json5@2.2.3: {}

  lint-staged@17.6.0:
    dependencies:
      picomatch: 4.0.7
      string-argv: 0.3.2
      tinyexec: 1.3.1
    optionalDependencies:
      yaml: 2.9.1

  lodash.truncate@4.4.2: {}

  lodash@4.18.1: {}

  lru-cache@11.5.3: {}

  ms@2.1.3: {}

  normalize-package-data@8.0.0:
    dependencies:
      hosted-git-info: 9.0.3
      semver: 7.8.5
      validate-npm-package-license: 3.0.4

  open@10.2.0:
    dependencies:
      default-browser: 5.5.1
      define-lazy-prop: 3.0.0
      is-inside-container: 1.0.0
      wsl-utils: 0.1.0

  p-map@7.0.8: {}

  package-manager-detector@1.8.0: {}

  parse-json@8.3.0:
    dependencies:
      '@babel/code-frame': 7.29.7
      index-to-position: 1.2.0
      type-fest: 4.41.0

  picocolors@1.1.1: {}

  picomatch@4.0.7: {}

  pluralize@2.0.0: {}

  pluralize@8.0.0: {}

  rc-config-loader@4.1.4:
    dependencies:
      debug: 4.4.3
      js-yaml: 4.3.2
      json5: 2.2.3
      require-from-string: 2.0.2
    transitivePeerDependencies:
      - supports-color

  read-pkg@10.1.0:
    dependencies:
      '@types/normalize-package-data': 2.4.4
      normalize-package-data: 8.0.0
      parse-json: 8.3.0
      type-fest: 5.10.0
      unicorn-magic: 0.4.1

  require-from-string@2.0.2: {}

  run-applescript@7.1.0: {}

  secretlint@13.0.6:
    dependencies:
      '@secretlint/config-creator': 13.0.6
      '@secretlint/formatter': 13.0.6
      '@secretlint/node': 13.0.6
      '@secretlint/profiler': 13.0.6
      '@secretlint/resolver': 13.0.6
      '@secretlint/walker': 13.0.6
      debug: 4.4.3
      read-pkg: 10.1.0
    transitivePeerDependencies:
      - supports-color

  semver@7.8.5: {}

  simple-git-hooks@2.14.0: {}

  slice-ansi@4.0.0:
    dependencies:
      ansi-styles: 4.3.0
      astral-regex: 2.0.0
      is-fullwidth-code-point: 3.0.0

  spdx-correct@3.2.0:
    dependencies:
      spdx-expression-parse: 3.0.1
      spdx-license-ids: 3.0.24

  spdx-exceptions@2.5.0: {}

  spdx-expression-parse@3.0.1:
    dependencies:
      spdx-exceptions: 2.5.0
      spdx-license-ids: 3.0.24

  spdx-license-ids@3.0.24: {}

  string-argv@0.3.2: {}

  string-width@4.2.3:
    dependencies:
      emoji-regex: 8.0.0
      is-fullwidth-code-point: 3.0.0
      strip-ansi: 6.0.1

  strip-ansi@6.0.1:
    dependencies:
      ansi-regex: 5.0.1

  strip-ansi@7.2.0:
    dependencies:
      ansi-regex: 6.3.0

  structured-source@4.0.0:
    dependencies:
      boundary: 2.0.0

  supports-color@10.2.2: {}

  supports-color@7.2.0:
    dependencies:
      has-flag: 4.0.0

  supports-hyperlinks@3.2.0:
    dependencies:
      has-flag: 4.0.0
      supports-color: 7.2.0

  supports-hyperlinks@4.5.0:
    dependencies:
      has-flag: 5.0.1
      supports-color: 10.2.2

  table@6.9.0:
    dependencies:
      ajv: 8.20.0
      lodash.truncate: 4.4.2
      slice-ansi: 4.0.0
      string-width: 4.2.3
      strip-ansi: 6.0.1

  tagged-tag@1.0.0: {}

  terminal-link@4.0.0:
    dependencies:
      ansi-escapes: 7.3.0
      supports-hyperlinks: 3.2.0

  terminal-link@5.0.0:
    dependencies:
      ansi-escapes: 7.3.0
      supports-hyperlinks: 4.5.0

  text-table@0.2.0: {}

  textextensions@6.11.0:
    dependencies:
      editions: 6.22.0

  tinyexec@1.3.1: {}

  type-fest@4.41.0: {}

  type-fest@5.10.0:
    dependencies:
      tagged-tag: 1.0.0

  undici@7.30.0: {}

  unicorn-magic@0.4.1: {}

  validate-npm-package-license@3.0.4:
    dependencies:
      spdx-correct: 3.2.0
      spdx-expression-parse: 3.0.1

  version-range@4.15.0: {}

  wsl-utils@0.1.0:
    dependencies:
      is-wsl: 3.1.1

  yaml@2.9.1:
    optional: true

  zenn-cli@0.5.4:
    dependencies:
      '@ai-sdk/fireworks': 3.0.60(zod@4.6.5)
      '@ai-sdk/openai': 4.0.78(zod@4.6.5)
      '@secretlint/node': 11.7.1
      '@secretlint/secretlint-rule-preset-recommend': 11.7.1
      ai: 7.0.116(zod@4.6.5)
      open: 10.2.0
      package-manager-detector: 1.8.0
      zod: 4.6.5
    transitivePeerDependencies:
      - supports-color

  zod@4.6.5: {}
